// !$*UTF8*$!
{
	archiveVersion = 1;
	classes = {
	};
	objectVersion = 56;
	objects = {

/* Begin PBXBuildFile section */
		33388D702C6F2C0A00DECDC3 /* MaDangApp.swift in Sources */ = {isa = PBXBuildFile; fileRef = 33388D6F2C6F2C0A00DECDC3 /* MaDangApp.swift */; };
		33388D722C6F2C0A00DECDC3 /* ContentView.swift in Sources */ = {isa = PBXBuildFile; fileRef = 33388D712C6F2C0A00DECDC3 /* ContentView.swift */; };
		33388D742C6F2C0C00DECDC3 /* Assets.xcassets in Resources */ = {isa = PBXBuildFile; fileRef = 33388D732C6F2C0C00DECDC3 /* Assets.xcassets */; };
		33388D772C6F2C0C00DECDC3 /* Preview Assets.xcassets in Resources */ = {isa = PBXBuildFile; fileRef = 33388D762C6F2C0C00DECDC3 /* Preview Assets.xcassets */; };
		33388D842C6F363800DECDC3 /* DetailView.swift in Sources */ = {isa = PBXBuildFile; fileRef = 33388D832C6F363800DECDC3 /* DetailView.swift */; };
		33388D872C6F365300DECDC3 /* DetailInfoView.swift in Sources */ = {isa = PBXBuildFile; fileRef = 33388D862C6F365300DECDC3 /* DetailInfoView.swift */; };
		33388D892C6F365E00DECDC3 /* DetailImageView.swift in Sources */ = {isa = PBXBuildFile; fileRef = 33388D882C6F365E00DECDC3 /* DetailImageView.swift */; };
		33388D8B2C6F367300DECDC3 /* DetailReviewView.swift in Sources */ = {isa = PBXBuildFile; fileRef = 33388D8A2C6F367300DECDC3 /* DetailReviewView.swift */; };
		33388D8D2C6F368300DECDC3 /* DetailTouristInfoView.swift in Sources */ = {isa = PBXBuildFile; fileRef = 33388D8C2C6F368300DECDC3 /* DetailTouristInfoView.swift */; };
		33388D8F2C6F369300DECDC3 /* DetailCastingView.swift in Sources */ = {isa = PBXBuildFile; fileRef = 33388D8E2C6F369300DECDC3 /* DetailCastingView.swift */; };
		33388D912C6F635300DECDC3 /* Color+.swift in Sources */ = {isa = PBXBuildFile; fileRef = 33388D902C6F635300DECDC3 /* Color+.swift */; };
		33388D962C6F88F900DECDC3 /* Performance.swift in Sources */ = {isa = PBXBuildFile; fileRef = 33388D952C6F88F900DECDC3 /* Performance.swift */; };
		33388D982C6F8E2800DECDC3 /* Actor.swift in Sources */ = {isa = PBXBuildFile; fileRef = 33388D972C6F8E2800DECDC3 /* Actor.swift */; };
		33388D9A2C6F8EC000DECDC3 /* Review.swift in Sources */ = {isa = PBXBuildFile; fileRef = 33388D992C6F8EC000DECDC3 /* Review.swift */; };
		33388D9C2C6F8FB300DECDC3 /* TouristInfo.swift in Sources */ = {isa = PBXBuildFile; fileRef = 33388D9B2C6F8FB300DECDC3 /* TouristInfo.swift */; };
		33388D9E2C6F906B00DECDC3 /* User.swift in Sources */ = {isa = PBXBuildFile; fileRef = 33388D9D2C6F906B00DECDC3 /* User.swift */; };
		33388DA32C6F921400DECDC3 /* Genre.swift in Sources */ = {isa = PBXBuildFile; fileRef = 33388DA22C6F921400DECDC3 /* Genre.swift */; };
		33388DB42C6FCC5F00DECDC3 /* Country.swift in Sources */ = {isa = PBXBuildFile; fileRef = 33388DB32C6FCC5F00DECDC3 /* Country.swift */; };
		33388DB82C6FCE0700DECDC3 /* AttractionType.swift in Sources */ = {isa = PBXBuildFile; fileRef = 33388DB72C6FCE0700DECDC3 /* AttractionType.swift */; };
		33388DBD2C7085C300DECDC3 /* MainView.swift in Sources */ = {isa = PBXBuildFile; fileRef = 33388DBC2C7085C300DECDC3 /* MainView.swift */; };
		33388DBF2C70864700DECDC3 /* WhatIsNewView.swift in Sources */ = {isa = PBXBuildFile; fileRef = 33388DBE2C70864700DECDC3 /* WhatIsNewView.swift */; };
		33388DC12C70865A00DECDC3 /* PopularityRankingView.swift in Sources */ = {isa = PBXBuildFile; fileRef = 33388DC02C70865A00DECDC3 /* PopularityRankingView.swift */; };
		33388DC32C70866600DECDC3 /* GenreView.swift in Sources */ = {isa = PBXBuildFile; fileRef = 33388DC22C70866600DECDC3 /* GenreView.swift */; };
		33388DC52C70867500DECDC3 /* BestReviewView.swift in Sources */ = {isa = PBXBuildFile; fileRef = 33388DC42C70867500DECDC3 /* BestReviewView.swift */; };
		33388DC72C7086E600DECDC3 /* BestReviewRow.swift in Sources */ = {isa = PBXBuildFile; fileRef = 33388DC62C7086E600DECDC3 /* BestReviewRow.swift */; };
		33388DDB2C70E0DB00DECDC3 /* RankingCell.swift in Sources */ = {isa = PBXBuildFile; fileRef = 33388DDA2C70E0DB00DECDC3 /* RankingCell.swift */; };
		33388DDD2C70FC6200DECDC3 /* GenreModalView.swift in Sources */ = {isa = PBXBuildFile; fileRef = 33388DDC2C70FC6200DECDC3 /* GenreModalView.swift */; };
		33388DE22C712E3800DECDC3 /* KopisNetworkingManager.swift in Sources */ = {isa = PBXBuildFile; fileRef = 33388DE12C712E3800DECDC3 /* KopisNetworkingManager.swift */; };
		33388DE62C71305B00DECDC3 /* Constants.swift in Sources */ = {isa = PBXBuildFile; fileRef = 33388DE52C71305B00DECDC3 /* Constants.swift */; };
		33388DE92C71324100DECDC3 /* Bundle+.swift in Sources */ = {isa = PBXBuildFile; fileRef = 33388DE82C71324100DECDC3 /* Bundle+.swift */; };
		33388DEB2C713C6900DECDC3 /* ApiModel.swift in Sources */ = {isa = PBXBuildFile; fileRef = 33388DEA2C713C6900DECDC3 /* ApiModel.swift */; };
		33388DED2C713E5C00DECDC3 /* XMLParser.swift in Sources */ = {isa = PBXBuildFile; fileRef = 33388DEC2C713E5C00DECDC3 /* XMLParser.swift */; };
		33388DF62C720F3300DECDC3 /* GPTManager.swift in Sources */ = {isa = PBXBuildFile; fileRef = 33388DF52C720F3300DECDC3 /* GPTManager.swift */; };
		33388DF92C720F5700DECDC3 /* ChatGPTSwift in Frameworks */ = {isa = PBXBuildFile; productRef = 33388DF82C720F5700DECDC3 /* ChatGPTSwift */; };
		33388DFB2C720F5700DECDC3 /* SampleApp in Frameworks */ = {isa = PBXBuildFile; productRef = 33388DFA2C720F5700DECDC3 /* SampleApp */; };
		33388DFD2C72149E00DECDC3 /* DataManager.swift in Sources */ = {isa = PBXBuildFile; fileRef = 33388DFC2C72149E00DECDC3 /* DataManager.swift */; };
		33388DFF2C7226D900DECDC3 /* DetailXMLParser.swift in Sources */ = {isa = PBXBuildFile; fileRef = 33388DFE2C7226D900DECDC3 /* DetailXMLParser.swift */; };
		33388E012C72827300DECDC3 /* ReviewEditorView.swift in Sources */ = {isa = PBXBuildFile; fileRef = 33388E002C72827300DECDC3 /* ReviewEditorView.swift */; };
		33388E052C728B7F00DECDC3 /* RatingView.swift in Sources */ = {isa = PBXBuildFile; fileRef = 33388E042C728B7F00DECDC3 /* RatingView.swift */; };
		33388E072C732F6900DECDC3 /* FocusableTextEditor.swift in Sources */ = {isa = PBXBuildFile; fileRef = 33388E062C732F6900DECDC3 /* FocusableTextEditor.swift */; };
		33A068982C73B79200EF0F09 /* TouristInfoCell.swift in Sources */ = {isa = PBXBuildFile; fileRef = 33A068972C73B79200EF0F09 /* TouristInfoCell.swift */; };
		33A0689A2C73C1AD00EF0F09 /* TouristInfoGridView.swift in Sources */ = {isa = PBXBuildFile; fileRef = 33A068992C73C1AD00EF0F09 /* TouristInfoGridView.swift */; };
		33A068A02C74797C00EF0F09 /* AppleAuthManager.swift in Sources */ = {isa = PBXBuildFile; fileRef = 33A0689F2C74797C00EF0F09 /* AppleAuthManager.swift */; };
		33A068A22C74799800EF0F09 /* KeychainHelper.swift in Sources */ = {isa = PBXBuildFile; fileRef = 33A068A12C74799800EF0F09 /* KeychainHelper.swift */; };
		33A068A52C7479F800EF0F09 /* AppleLoginView.swift in Sources */ = {isa = PBXBuildFile; fileRef = 33A068A42C7479F800EF0F09 /* AppleLoginView.swift */; };
		33A068A82C747BB300EF0F09 /* FirebaseAnalytics in Frameworks */ = {isa = PBXBuildFile; productRef = 33A068A72C747BB300EF0F09 /* FirebaseAnalytics */; };
		33A068AA2C747BB300EF0F09 /* FirebaseAnalyticsOnDeviceConversion in Frameworks */ = {isa = PBXBuildFile; productRef = 33A068A92C747BB300EF0F09 /* FirebaseAnalyticsOnDeviceConversion */; };
		33A068AC2C747BB300EF0F09 /* FirebaseAnalyticsWithoutAdIdSupport in Frameworks */ = {isa = PBXBuildFile; productRef = 33A068AB2C747BB300EF0F09 /* FirebaseAnalyticsWithoutAdIdSupport */; };
		33A068AE2C747BB300EF0F09 /* FirebaseAppCheck in Frameworks */ = {isa = PBXBuildFile; productRef = 33A068AD2C747BB300EF0F09 /* FirebaseAppCheck */; };
		33A068B02C747BB300EF0F09 /* FirebaseAppDistribution-Beta in Frameworks */ = {isa = PBXBuildFile; productRef = 33A068AF2C747BB300EF0F09 /* FirebaseAppDistribution-Beta */; };
		33A068B22C747BB300EF0F09 /* FirebaseAuth in Frameworks */ = {isa = PBXBuildFile; productRef = 33A068B12C747BB300EF0F09 /* FirebaseAuth */; };
		33A068B42C747BB300EF0F09 /* FirebaseAuthCombine-Community in Frameworks */ = {isa = PBXBuildFile; productRef = 33A068B32C747BB300EF0F09 /* FirebaseAuthCombine-Community */; };
		33A068B62C747BB300EF0F09 /* FirebaseCrashlytics in Frameworks */ = {isa = PBXBuildFile; productRef = 33A068B52C747BB300EF0F09 /* FirebaseCrashlytics */; };
		33A068B82C747BB300EF0F09 /* FirebaseDatabase in Frameworks */ = {isa = PBXBuildFile; productRef = 33A068B72C747BB300EF0F09 /* FirebaseDatabase */; };
		33A068BA2C747BB300EF0F09 /* FirebaseDynamicLinks in Frameworks */ = {isa = PBXBuildFile; productRef = 33A068B92C747BB300EF0F09 /* FirebaseDynamicLinks */; };
		33A068BC2C747BB300EF0F09 /* FirebaseFirestore in Frameworks */ = {isa = PBXBuildFile; productRef = 33A068BB2C747BB300EF0F09 /* FirebaseFirestore */; };
		33A068BE2C747BB300EF0F09 /* FirebaseFirestoreCombine-Community in Frameworks */ = {isa = PBXBuildFile; productRef = 33A068BD2C747BB300EF0F09 /* FirebaseFirestoreCombine-Community */; };
		33A068C02C747BB300EF0F09 /* FirebaseFunctions in Frameworks */ = {isa = PBXBuildFile; productRef = 33A068BF2C747BB300EF0F09 /* FirebaseFunctions */; };
		33A068C22C747BB300EF0F09 /* FirebaseFunctionsCombine-Community in Frameworks */ = {isa = PBXBuildFile; productRef = 33A068C12C747BB300EF0F09 /* FirebaseFunctionsCombine-Community */; };
		33A068C42C747BB300EF0F09 /* FirebaseInAppMessaging-Beta in Frameworks */ = {isa = PBXBuildFile; productRef = 33A068C32C747BB300EF0F09 /* FirebaseInAppMessaging-Beta */; };
		33A068C62C747BB300EF0F09 /* FirebaseInstallations in Frameworks */ = {isa = PBXBuildFile; productRef = 33A068C52C747BB300EF0F09 /* FirebaseInstallations */; };
		33A068C82C747BB300EF0F09 /* FirebaseMLModelDownloader in Frameworks */ = {isa = PBXBuildFile; productRef = 33A068C72C747BB300EF0F09 /* FirebaseMLModelDownloader */; };
		33A068CA2C747BB300EF0F09 /* FirebaseMessaging in Frameworks */ = {isa = PBXBuildFile; productRef = 33A068C92C747BB300EF0F09 /* FirebaseMessaging */; };
		33A068CC2C747BB300EF0F09 /* FirebasePerformance in Frameworks */ = {isa = PBXBuildFile; productRef = 33A068CB2C747BB300EF0F09 /* FirebasePerformance */; };
		33A068CE2C747BB300EF0F09 /* FirebaseRemoteConfig in Frameworks */ = {isa = PBXBuildFile; productRef = 33A068CD2C747BB300EF0F09 /* FirebaseRemoteConfig */; };
		33A068D02C747BB300EF0F09 /* FirebaseStorage in Frameworks */ = {isa = PBXBuildFile; productRef = 33A068CF2C747BB300EF0F09 /* FirebaseStorage */; };
		33A068D22C747BB300EF0F09 /* FirebaseStorageCombine-Community in Frameworks */ = {isa = PBXBuildFile; productRef = 33A068D12C747BB300EF0F09 /* FirebaseStorageCombine-Community */; };
		33A068D42C747BB300EF0F09 /* FirebaseVertexAI-Preview in Frameworks */ = {isa = PBXBuildFile; productRef = 33A068D32C747BB300EF0F09 /* FirebaseVertexAI-Preview */; };
		33A068D62C747BD000EF0F09 /* GoogleService-Info.plist in Resources */ = {isa = PBXBuildFile; fileRef = 33A068D52C747BD000EF0F09 /* GoogleService-Info.plist */; };
		4665F0D82C7208E5007867FB /* RankingView.swift in Sources */ = {isa = PBXBuildFile; fileRef = 4665F0D72C7208E5007867FB /* RankingView.swift */; };
		4665F0DA2C7209A0007867FB /* LogoHeader.swift in Sources */ = {isa = PBXBuildFile; fileRef = 4665F0D92C7209A0007867FB /* LogoHeader.swift */; };
		4665F0DC2C720BAB007867FB /* Ranking.swift in Sources */ = {isa = PBXBuildFile; fileRef = 4665F0DB2C720BAB007867FB /* Ranking.swift */; };
		4665F0DE2C720CCD007867FB /* RankingModalView.swift in Sources */ = {isa = PBXBuildFile; fileRef = 4665F0DD2C720CCD007867FB /* RankingModalView.swift */; };
		4665F0E02C721AB9007867FB /* LangSelectionView.swift in Sources */ = {isa = PBXBuildFile; fileRef = 4665F0DF2C721AB9007867FB /* LangSelectionView.swift */; };
		4665F0E22C721C22007867FB /* RankingListView.swift in Sources */ = {isa = PBXBuildFile; fileRef = 4665F0E12C721C22007867FB /* RankingListView.swift */; };
		4665F0E82C721F68007867FB /* RankingListCell.swift in Sources */ = {isa = PBXBuildFile; fileRef = 4665F0E72C721F68007867FB /* RankingListCell.swift */; };
		4665F0EE2C723802007867FB /* MainTabView.swift in Sources */ = {isa = PBXBuildFile; fileRef = 4665F0ED2C723802007867FB /* MainTabView.swift */; };
		4665F0F02C72384F007867FB /* Title.swift in Sources */ = {isa = PBXBuildFile; fileRef = 4665F0EF2C72384F007867FB /* Title.swift */; };
		4665F1242C73B028007867FB /* ByGenreHeader.swift in Sources */ = {isa = PBXBuildFile; fileRef = 4665F1232C73B028007867FB /* ByGenreHeader.swift */; };
		4665F1262C73B04B007867FB /* ByGenreListCell.swift in Sources */ = {isa = PBXBuildFile; fileRef = 4665F1252C73B04B007867FB /* ByGenreListCell.swift */; };
		4665F1282C73B062007867FB /* ByGenreModalView.swift in Sources */ = {isa = PBXBuildFile; fileRef = 4665F1272C73B062007867FB /* ByGenreModalView.swift */; };
		4665F12A2C73B08B007867FB /* ByGenreView.swift in Sources */ = {isa = PBXBuildFile; fileRef = 4665F1292C73B08B007867FB /* ByGenreView.swift */; };
		4665F12C2C73B0B2007867FB /* ByGenreViewModel.swift in Sources */ = {isa = PBXBuildFile; fileRef = 4665F12B2C73B0B2007867FB /* ByGenreViewModel.swift */; };
		468EEED52C73B35A00C07488 /* AccountView.swift in Sources */ = {isa = PBXBuildFile; fileRef = 468EEED42C73B35A00C07488 /* AccountView.swift */; };
		468EEED72C73B4EC00C07488 /* AccountProfile.swift in Sources */ = {isa = PBXBuildFile; fileRef = 468EEED62C73B4EC00C07488 /* AccountProfile.swift */; };
		468EEED92C73BCA500C07488 /* MyActivityList.swift in Sources */ = {isa = PBXBuildFile; fileRef = 468EEED82C73BCA500C07488 /* MyActivityList.swift */; };
		468EEEDB2C73C05900C07488 /* CommunityList.swift in Sources */ = {isa = PBXBuildFile; fileRef = 468EEEDA2C73C05900C07488 /* CommunityList.swift */; };
		468EEEDD2C73C45D00C07488 /* LikesView.swift in Sources */ = {isa = PBXBuildFile; fileRef = 468EEEDC2C73C45D00C07488 /* LikesView.swift */; };
		468EEEE32C73EAFD00C07488 /* MyReviewView.swift in Sources */ = {isa = PBXBuildFile; fileRef = 468EEEE22C73EAFD00C07488 /* MyReviewView.swift */; };
		468EEEE52C73EFB000C07488 /* MyReviewRow.swift in Sources */ = {isa = PBXBuildFile; fileRef = 468EEEE42C73EFB000C07488 /* MyReviewRow.swift */; };
/* End PBXBuildFile section */

/* Begin PBXFileReference section */
		33388D6C2C6F2C0A00DECDC3 /* MaDang.app */ = {isa = PBXFileReference; explicitFileType = wrapper.application; includeInIndex = 0; path = MaDang.app; sourceTree = BUILT_PRODUCTS_DIR; };
		33388D6F2C6F2C0A00DECDC3 /* MaDangApp.swift */ = {isa = PBXFileReference; lastKnownFileType = sourcecode.swift; path = MaDangApp.swift; sourceTree = "<group>"; };
		33388D712C6F2C0A00DECDC3 /* ContentView.swift */ = {isa = PBXFileReference; lastKnownFileType = sourcecode.swift; path = ContentView.swift; sourceTree = "<group>"; };
		33388D732C6F2C0C00DECDC3 /* Assets.xcassets */ = {isa = PBXFileReference; lastKnownFileType = folder.assetcatalog; path = Assets.xcassets; sourceTree = "<group>"; };
		33388D762C6F2C0C00DECDC3 /* Preview Assets.xcassets */ = {isa = PBXFileReference; lastKnownFileType = folder.assetcatalog; path = "Preview Assets.xcassets"; sourceTree = "<group>"; };
		33388D832C6F363800DECDC3 /* DetailView.swift */ = {isa = PBXFileReference; lastKnownFileType = sourcecode.swift; path = DetailView.swift; sourceTree = "<group>"; };
		33388D862C6F365300DECDC3 /* DetailInfoView.swift */ = {isa = PBXFileReference; lastKnownFileType = sourcecode.swift; path = DetailInfoView.swift; sourceTree = "<group>"; };
		33388D882C6F365E00DECDC3 /* DetailImageView.swift */ = {isa = PBXFileReference; lastKnownFileType = sourcecode.swift; path = DetailImageView.swift; sourceTree = "<group>"; };
		33388D8A2C6F367300DECDC3 /* DetailReviewView.swift */ = {isa = PBXFileReference; lastKnownFileType = sourcecode.swift; path = DetailReviewView.swift; sourceTree = "<group>"; };
		33388D8C2C6F368300DECDC3 /* DetailTouristInfoView.swift */ = {isa = PBXFileReference; lastKnownFileType = sourcecode.swift; path = DetailTouristInfoView.swift; sourceTree = "<group>"; };
		33388D8E2C6F369300DECDC3 /* DetailCastingView.swift */ = {isa = PBXFileReference; lastKnownFileType = sourcecode.swift; path = DetailCastingView.swift; sourceTree = "<group>"; };
		33388D902C6F635300DECDC3 /* Color+.swift */ = {isa = PBXFileReference; lastKnownFileType = sourcecode.swift; path = "Color+.swift"; sourceTree = "<group>"; };
		33388D952C6F88F900DECDC3 /* Performance.swift */ = {isa = PBXFileReference; lastKnownFileType = sourcecode.swift; path = Performance.swift; sourceTree = "<group>"; };
		33388D972C6F8E2800DECDC3 /* Actor.swift */ = {isa = PBXFileReference; lastKnownFileType = sourcecode.swift; path = Actor.swift; sourceTree = "<group>"; };
		33388D992C6F8EC000DECDC3 /* Review.swift */ = {isa = PBXFileReference; lastKnownFileType = sourcecode.swift; path = Review.swift; sourceTree = "<group>"; };
		33388D9B2C6F8FB300DECDC3 /* TouristInfo.swift */ = {isa = PBXFileReference; lastKnownFileType = sourcecode.swift; path = TouristInfo.swift; sourceTree = "<group>"; };
		33388D9D2C6F906B00DECDC3 /* User.swift */ = {isa = PBXFileReference; lastKnownFileType = sourcecode.swift; path = User.swift; sourceTree = "<group>"; };
		33388DA22C6F921400DECDC3 /* Genre.swift */ = {isa = PBXFileReference; lastKnownFileType = sourcecode.swift; path = Genre.swift; sourceTree = "<group>"; };
		33388DB32C6FCC5F00DECDC3 /* Country.swift */ = {isa = PBXFileReference; lastKnownFileType = sourcecode.swift; path = Country.swift; sourceTree = "<group>"; };
		33388DB72C6FCE0700DECDC3 /* AttractionType.swift */ = {isa = PBXFileReference; lastKnownFileType = sourcecode.swift; path = AttractionType.swift; sourceTree = "<group>"; };
		33388DBC2C7085C300DECDC3 /* MainView.swift */ = {isa = PBXFileReference; lastKnownFileType = sourcecode.swift; path = MainView.swift; sourceTree = "<group>"; };
		33388DBE2C70864700DECDC3 /* WhatIsNewView.swift */ = {isa = PBXFileReference; lastKnownFileType = sourcecode.swift; path = WhatIsNewView.swift; sourceTree = "<group>"; };
		33388DC02C70865A00DECDC3 /* PopularityRankingView.swift */ = {isa = PBXFileReference; lastKnownFileType = sourcecode.swift; path = PopularityRankingView.swift; sourceTree = "<group>"; };
		33388DC22C70866600DECDC3 /* GenreView.swift */ = {isa = PBXFileReference; lastKnownFileType = sourcecode.swift; path = GenreView.swift; sourceTree = "<group>"; };
		33388DC42C70867500DECDC3 /* BestReviewView.swift */ = {isa = PBXFileReference; lastKnownFileType = sourcecode.swift; path = BestReviewView.swift; sourceTree = "<group>"; };
		33388DC62C7086E600DECDC3 /* BestReviewRow.swift */ = {isa = PBXFileReference; lastKnownFileType = sourcecode.swift; path = BestReviewRow.swift; sourceTree = "<group>"; };
		33388DDA2C70E0DB00DECDC3 /* RankingCell.swift */ = {isa = PBXFileReference; lastKnownFileType = sourcecode.swift; path = RankingCell.swift; sourceTree = "<group>"; };
		33388DDC2C70FC6200DECDC3 /* GenreModalView.swift */ = {isa = PBXFileReference; lastKnownFileType = sourcecode.swift; path = GenreModalView.swift; sourceTree = "<group>"; };
		33388DE12C712E3800DECDC3 /* KopisNetworkingManager.swift */ = {isa = PBXFileReference; lastKnownFileType = sourcecode.swift; path = KopisNetworkingManager.swift; sourceTree = "<group>"; };
		33388DE32C712E6100DECDC3 /* Config.xcconfig */ = {isa = PBXFileReference; lastKnownFileType = text.xcconfig; path = Config.xcconfig; sourceTree = "<group>"; };
		33388DE42C712EF700DECDC3 /* Info.plist */ = {isa = PBXFileReference; lastKnownFileType = text.plist; path = Info.plist; sourceTree = "<group>"; };
		33388DE52C71305B00DECDC3 /* Constants.swift */ = {isa = PBXFileReference; lastKnownFileType = sourcecode.swift; path = Constants.swift; sourceTree = "<group>"; };
		33388DE82C71324100DECDC3 /* Bundle+.swift */ = {isa = PBXFileReference; lastKnownFileType = sourcecode.swift; path = "Bundle+.swift"; sourceTree = "<group>"; };
		33388DEA2C713C6900DECDC3 /* ApiModel.swift */ = {isa = PBXFileReference; lastKnownFileType = sourcecode.swift; path = ApiModel.swift; sourceTree = "<group>"; };
		33388DEC2C713E5C00DECDC3 /* XMLParser.swift */ = {isa = PBXFileReference; lastKnownFileType = sourcecode.swift; path = XMLParser.swift; sourceTree = "<group>"; };
		33388DF52C720F3300DECDC3 /* GPTManager.swift */ = {isa = PBXFileReference; lastKnownFileType = sourcecode.swift; path = GPTManager.swift; sourceTree = "<group>"; };
		33388DFC2C72149E00DECDC3 /* DataManager.swift */ = {isa = PBXFileReference; lastKnownFileType = sourcecode.swift; path = DataManager.swift; sourceTree = "<group>"; };
		33388DFE2C7226D900DECDC3 /* DetailXMLParser.swift */ = {isa = PBXFileReference; lastKnownFileType = sourcecode.swift; path = DetailXMLParser.swift; sourceTree = "<group>"; };
		33388E002C72827300DECDC3 /* ReviewEditorView.swift */ = {isa = PBXFileReference; lastKnownFileType = sourcecode.swift; path = ReviewEditorView.swift; sourceTree = "<group>"; };
		33388E042C728B7F00DECDC3 /* RatingView.swift */ = {isa = PBXFileReference; lastKnownFileType = sourcecode.swift; path = RatingView.swift; sourceTree = "<group>"; };
		33388E062C732F6900DECDC3 /* FocusableTextEditor.swift */ = {isa = PBXFileReference; lastKnownFileType = sourcecode.swift; path = FocusableTextEditor.swift; sourceTree = "<group>"; };
		33A068972C73B79200EF0F09 /* TouristInfoCell.swift */ = {isa = PBXFileReference; lastKnownFileType = sourcecode.swift; path = TouristInfoCell.swift; sourceTree = "<group>"; };
		33A068992C73C1AD00EF0F09 /* TouristInfoGridView.swift */ = {isa = PBXFileReference; lastKnownFileType = sourcecode.swift; path = TouristInfoGridView.swift; sourceTree = "<group>"; };
		33A0689C2C7464C300EF0F09 /* MaDang.entitlements */ = {isa = PBXFileReference; lastKnownFileType = text.plist.entitlements; path = MaDang.entitlements; sourceTree = "<group>"; };
		33A0689F2C74797C00EF0F09 /* AppleAuthManager.swift */ = {isa = PBXFileReference; lastKnownFileType = sourcecode.swift; path = AppleAuthManager.swift; sourceTree = "<group>"; };
		33A068A12C74799800EF0F09 /* KeychainHelper.swift */ = {isa = PBXFileReference; lastKnownFileType = sourcecode.swift; path = KeychainHelper.swift; sourceTree = "<group>"; };
		33A068A42C7479F800EF0F09 /* AppleLoginView.swift */ = {isa = PBXFileReference; lastKnownFileType = sourcecode.swift; path = AppleLoginView.swift; sourceTree = "<group>"; };
		33A068D52C747BD000EF0F09 /* GoogleService-Info.plist */ = {isa = PBXFileReference; fileEncoding = 4; lastKnownFileType = text.plist.xml; path = "GoogleService-Info.plist"; sourceTree = "<group>"; };
		4665F0D72C7208E5007867FB /* RankingView.swift */ = {isa = PBXFileReference; lastKnownFileType = sourcecode.swift; path = RankingView.swift; sourceTree = "<group>"; };
		4665F0D92C7209A0007867FB /* LogoHeader.swift */ = {isa = PBXFileReference; lastKnownFileType = sourcecode.swift; path = LogoHeader.swift; sourceTree = "<group>"; };
		4665F0DB2C720BAB007867FB /* Ranking.swift */ = {isa = PBXFileReference; lastKnownFileType = sourcecode.swift; path = Ranking.swift; sourceTree = "<group>"; };
		4665F0DD2C720CCD007867FB /* RankingModalView.swift */ = {isa = PBXFileReference; lastKnownFileType = sourcecode.swift; path = RankingModalView.swift; sourceTree = "<group>"; };
		4665F0DF2C721AB9007867FB /* LangSelectionView.swift */ = {isa = PBXFileReference; lastKnownFileType = sourcecode.swift; path = LangSelectionView.swift; sourceTree = "<group>"; };
		4665F0E12C721C22007867FB /* RankingListView.swift */ = {isa = PBXFileReference; lastKnownFileType = sourcecode.swift; path = RankingListView.swift; sourceTree = "<group>"; };
		4665F0E72C721F68007867FB /* RankingListCell.swift */ = {isa = PBXFileReference; lastKnownFileType = sourcecode.swift; path = RankingListCell.swift; sourceTree = "<group>"; };
		4665F0ED2C723802007867FB /* MainTabView.swift */ = {isa = PBXFileReference; lastKnownFileType = sourcecode.swift; path = MainTabView.swift; sourceTree = "<group>"; };
		4665F0EF2C72384F007867FB /* Title.swift */ = {isa = PBXFileReference; lastKnownFileType = sourcecode.swift; path = Title.swift; sourceTree = "<group>"; };
		4665F1232C73B028007867FB /* ByGenreHeader.swift */ = {isa = PBXFileReference; lastKnownFileType = sourcecode.swift; path = ByGenreHeader.swift; sourceTree = "<group>"; };
		4665F1252C73B04B007867FB /* ByGenreListCell.swift */ = {isa = PBXFileReference; lastKnownFileType = sourcecode.swift; path = ByGenreListCell.swift; sourceTree = "<group>"; };
		4665F1272C73B062007867FB /* ByGenreModalView.swift */ = {isa = PBXFileReference; lastKnownFileType = sourcecode.swift; path = ByGenreModalView.swift; sourceTree = "<group>"; };
		4665F1292C73B08B007867FB /* ByGenreView.swift */ = {isa = PBXFileReference; lastKnownFileType = sourcecode.swift; path = ByGenreView.swift; sourceTree = "<group>"; };
		4665F12B2C73B0B2007867FB /* ByGenreViewModel.swift */ = {isa = PBXFileReference; lastKnownFileType = sourcecode.swift; path = ByGenreViewModel.swift; sourceTree = "<group>"; };
		468EEED42C73B35A00C07488 /* AccountView.swift */ = {isa = PBXFileReference; lastKnownFileType = sourcecode.swift; path = AccountView.swift; sourceTree = "<group>"; };
		468EEED62C73B4EC00C07488 /* AccountProfile.swift */ = {isa = PBXFileReference; lastKnownFileType = sourcecode.swift; path = AccountProfile.swift; sourceTree = "<group>"; };
		468EEED82C73BCA500C07488 /* MyActivityList.swift */ = {isa = PBXFileReference; lastKnownFileType = sourcecode.swift; path = MyActivityList.swift; sourceTree = "<group>"; };
		468EEEDA2C73C05900C07488 /* CommunityList.swift */ = {isa = PBXFileReference; lastKnownFileType = sourcecode.swift; path = CommunityList.swift; sourceTree = "<group>"; };
		468EEEDC2C73C45D00C07488 /* LikesView.swift */ = {isa = PBXFileReference; lastKnownFileType = sourcecode.swift; path = LikesView.swift; sourceTree = "<group>"; };
		468EEEE22C73EAFD00C07488 /* MyReviewView.swift */ = {isa = PBXFileReference; lastKnownFileType = sourcecode.swift; path = MyReviewView.swift; sourceTree = "<group>"; };
		468EEEE42C73EFB000C07488 /* MyReviewRow.swift */ = {isa = PBXFileReference; lastKnownFileType = sourcecode.swift; path = MyReviewRow.swift; sourceTree = "<group>"; };
/* End PBXFileReference section */

/* Begin PBXFrameworksBuildPhase section */
		33388D692C6F2C0A00DECDC3 /* Frameworks */ = {
			isa = PBXFrameworksBuildPhase;
			buildActionMask = 2147483647;
			files = (
				33A068B02C747BB300EF0F09 /* FirebaseAppDistribution-Beta in Frameworks */,
				33A068BC2C747BB300EF0F09 /* FirebaseFirestore in Frameworks */,
				33A068B42C747BB300EF0F09 /* FirebaseAuthCombine-Community in Frameworks */,
				33A068C62C747BB300EF0F09 /* FirebaseInstallations in Frameworks */,
				33388DFB2C720F5700DECDC3 /* SampleApp in Frameworks */,
				33A068D42C747BB300EF0F09 /* FirebaseVertexAI-Preview in Frameworks */,
				33A068AC2C747BB300EF0F09 /* FirebaseAnalyticsWithoutAdIdSupport in Frameworks */,
				33A068C42C747BB300EF0F09 /* FirebaseInAppMessaging-Beta in Frameworks */,
				33388DF92C720F5700DECDC3 /* ChatGPTSwift in Frameworks */,
				33A068A82C747BB300EF0F09 /* FirebaseAnalytics in Frameworks */,
				33A068C22C747BB300EF0F09 /* FirebaseFunctionsCombine-Community in Frameworks */,
				33A068D22C747BB300EF0F09 /* FirebaseStorageCombine-Community in Frameworks */,
				33A068AE2C747BB300EF0F09 /* FirebaseAppCheck in Frameworks */,
				33A068D02C747BB300EF0F09 /* FirebaseStorage in Frameworks */,
				33A068CE2C747BB300EF0F09 /* FirebaseRemoteConfig in Frameworks */,
				33A068B62C747BB300EF0F09 /* FirebaseCrashlytics in Frameworks */,
				33A068CA2C747BB300EF0F09 /* FirebaseMessaging in Frameworks */,
				33A068C82C747BB300EF0F09 /* FirebaseMLModelDownloader in Frameworks */,
				33A068CC2C747BB300EF0F09 /* FirebasePerformance in Frameworks */,
				33A068B82C747BB300EF0F09 /* FirebaseDatabase in Frameworks */,
				33A068AA2C747BB300EF0F09 /* FirebaseAnalyticsOnDeviceConversion in Frameworks */,
				33A068B22C747BB300EF0F09 /* FirebaseAuth in Frameworks */,
				33A068C02C747BB300EF0F09 /* FirebaseFunctions in Frameworks */,
				33A068BA2C747BB300EF0F09 /* FirebaseDynamicLinks in Frameworks */,
				33A068BE2C747BB300EF0F09 /* FirebaseFirestoreCombine-Community in Frameworks */,
			);
			runOnlyForDeploymentPostprocessing = 0;
		};
/* End PBXFrameworksBuildPhase section */

/* Begin PBXGroup section */
		33388D632C6F2C0A00DECDC3 = {
			isa = PBXGroup;
			children = (
				33388D6E2C6F2C0A00DECDC3 /* MaDang */,
				33388D6D2C6F2C0A00DECDC3 /* Products */,
			);
			sourceTree = "<group>";
		};
		33388D6D2C6F2C0A00DECDC3 /* Products */ = {
			isa = PBXGroup;
			children = (
				33388D6C2C6F2C0A00DECDC3 /* MaDang.app */,
			);
			name = Products;
			sourceTree = "<group>";
		};
		33388D6E2C6F2C0A00DECDC3 /* MaDang */ = {
			isa = PBXGroup;
			children = (
				33A0689C2C7464C300EF0F09 /* MaDang.entitlements */,
				33A068D52C747BD000EF0F09 /* GoogleService-Info.plist */,
				33388DE42C712EF700DECDC3 /* Info.plist */,
				33388DE02C712E0E00DECDC3 /* Manager */,
				33388D7D2C6F34BA00DECDC3 /* App */,
				33388D932C6F866800DECDC3 /* Model */,
				33388D812C6F352700DECDC3 /* Helper */,
				33388D7F2C6F351400DECDC3 /* Resources */,
				33388D7E2C6F34E200DECDC3 /* View */,
				33388D752C6F2C0C00DECDC3 /* Preview Content */,
				33388DE32C712E6100DECDC3 /* Config.xcconfig */,
			);
			path = MaDang;
			sourceTree = "<group>";
		};
		33388D752C6F2C0C00DECDC3 /* Preview Content */ = {
			isa = PBXGroup;
			children = (
				33388D762C6F2C0C00DECDC3 /* Preview Assets.xcassets */,
			);
			path = "Preview Content";
			sourceTree = "<group>";
		};
		33388D7D2C6F34BA00DECDC3 /* App */ = {
			isa = PBXGroup;
			children = (
				33388D6F2C6F2C0A00DECDC3 /* MaDangApp.swift */,
			);
			path = App;
			sourceTree = "<group>";
		};
		33388D7E2C6F34E200DECDC3 /* View */ = {
			isa = PBXGroup;
			children = (
				33A068A32C7479E900EF0F09 /* LoginView */,
				468EEED32C73B34700C07488 /* AccountView */,
				4665F0ED2C723802007867FB /* MainTabView.swift */,
				33A0689B2C73D13800EF0F09 /* ReviewEditorView */,
				4665F1222C73AFEA007867FB /* ByGenreView */,
				4665F0D62C7208D2007867FB /* RankingView */,
				33388DBB2C7085A700DECDC3 /* MainView */,
				33388D822C6F362B00DECDC3 /* DetailView */,
				33388D712C6F2C0A00DECDC3 /* ContentView.swift */,
			);
			path = View;
			sourceTree = "<group>";
		};
		33388D7F2C6F351400DECDC3 /* Resources */ = {
			isa = PBXGroup;
			children = (
				33388D732C6F2C0C00DECDC3 /* Assets.xcassets */,
			);
			path = Resources;
			sourceTree = "<group>";
		};
		33388D812C6F352700DECDC3 /* Helper */ = {
			isa = PBXGroup;
			children = (
				33388DE82C71324100DECDC3 /* Bundle+.swift */,
				33388DE52C71305B00DECDC3 /* Constants.swift */,
				33388D902C6F635300DECDC3 /* Color+.swift */,
				33388DEC2C713E5C00DECDC3 /* XMLParser.swift */,
				33388DFE2C7226D900DECDC3 /* DetailXMLParser.swift */,
				33A068A12C74799800EF0F09 /* KeychainHelper.swift */,
			);
			path = Helper;
			sourceTree = "<group>";
		};
		33388D822C6F362B00DECDC3 /* DetailView */ = {
			isa = PBXGroup;
			children = (
				33388D832C6F363800DECDC3 /* DetailView.swift */,
				33388D862C6F365300DECDC3 /* DetailInfoView.swift */,
				33388D882C6F365E00DECDC3 /* DetailImageView.swift */,
				33388D8A2C6F367300DECDC3 /* DetailReviewView.swift */,
				33388D8E2C6F369300DECDC3 /* DetailCastingView.swift */,
				33388D8C2C6F368300DECDC3 /* DetailTouristInfoView.swift */,
				33A068992C73C1AD00EF0F09 /* TouristInfoGridView.swift */,
				33A068972C73B79200EF0F09 /* TouristInfoCell.swift */,
			);
			path = DetailView;
			sourceTree = "<group>";
		};
		33388D932C6F866800DECDC3 /* Model */ = {
			isa = PBXGroup;
			children = (
				33388DA12C6F920200DECDC3 /* Structs */,
				33388DA02C6F91FB00DECDC3 /* Enums */,
				33388DEA2C713C6900DECDC3 /* ApiModel.swift */,
			);
			path = Model;
			sourceTree = "<group>";
		};
		33388DA02C6F91FB00DECDC3 /* Enums */ = {
			isa = PBXGroup;
			children = (
				33388DA22C6F921400DECDC3 /* Genre.swift */,
				33388DB32C6FCC5F00DECDC3 /* Country.swift */,
				33388DB72C6FCE0700DECDC3 /* AttractionType.swift */,
				4665F0DB2C720BAB007867FB /* Ranking.swift */,
			);
			path = Enums;
			sourceTree = "<group>";
		};
		33388DA12C6F920200DECDC3 /* Structs */ = {
			isa = PBXGroup;
			children = (
				33388D9B2C6F8FB300DECDC3 /* TouristInfo.swift */,
				33388D992C6F8EC000DECDC3 /* Review.swift */,
				33388D9D2C6F906B00DECDC3 /* User.swift */,
				33388D972C6F8E2800DECDC3 /* Actor.swift */,
				33388D952C6F88F900DECDC3 /* Performance.swift */,
				4665F0EF2C72384F007867FB /* Title.swift */,
			);
			path = Structs;
			sourceTree = "<group>";
		};
		33388DBB2C7085A700DECDC3 /* MainView */ = {
			isa = PBXGroup;
			children = (
				33388DBC2C7085C300DECDC3 /* MainView.swift */,
				33388DBE2C70864700DECDC3 /* WhatIsNewView.swift */,
				33388DC02C70865A00DECDC3 /* PopularityRankingView.swift */,
				33388DDA2C70E0DB00DECDC3 /* RankingCell.swift */,
				33388DC22C70866600DECDC3 /* GenreView.swift */,
				33388DDC2C70FC6200DECDC3 /* GenreModalView.swift */,
				33388DC42C70867500DECDC3 /* BestReviewView.swift */,
				33388DC62C7086E600DECDC3 /* BestReviewRow.swift */,
			);
			path = MainView;
			sourceTree = "<group>";
		};
		33388DE02C712E0E00DECDC3 /* Manager */ = {
			isa = PBXGroup;
			children = (
				33388DE12C712E3800DECDC3 /* KopisNetworkingManager.swift */,
				33388DF52C720F3300DECDC3 /* GPTManager.swift */,
				33388DFC2C72149E00DECDC3 /* DataManager.swift */,
				33A0689F2C74797C00EF0F09 /* AppleAuthManager.swift */,
			);
			path = Manager;
			sourceTree = "<group>";
		};
		33A0689B2C73D13800EF0F09 /* ReviewEditorView */ = {
			isa = PBXGroup;
			children = (
				33388E002C72827300DECDC3 /* ReviewEditorView.swift */,
				33388E042C728B7F00DECDC3 /* RatingView.swift */,
				33388E062C732F6900DECDC3 /* FocusableTextEditor.swift */,
			);
			path = ReviewEditorView;
			sourceTree = "<group>";
		};
		33A068A32C7479E900EF0F09 /* LoginView */ = {
			isa = PBXGroup;
			children = (
				33A068A42C7479F800EF0F09 /* AppleLoginView.swift */,
			);
			path = LoginView;
			sourceTree = "<group>";
		};
		4665F0D62C7208D2007867FB /* RankingView */ = {
			isa = PBXGroup;
			children = (
				4665F0D72C7208E5007867FB /* RankingView.swift */,
				4665F0D92C7209A0007867FB /* LogoHeader.swift */,
				4665F0DD2C720CCD007867FB /* RankingModalView.swift */,
				4665F0DF2C721AB9007867FB /* LangSelectionView.swift */,
				4665F0E72C721F68007867FB /* RankingListCell.swift */,
				4665F0E12C721C22007867FB /* RankingListView.swift */,
			);
			path = RankingView;
			sourceTree = "<group>";
		};
		4665F1222C73AFEA007867FB /* ByGenreView */ = {
			isa = PBXGroup;
			children = (
				4665F1232C73B028007867FB /* ByGenreHeader.swift */,
				4665F1252C73B04B007867FB /* ByGenreListCell.swift */,
				4665F1272C73B062007867FB /* ByGenreModalView.swift */,
				4665F1292C73B08B007867FB /* ByGenreView.swift */,
				4665F12B2C73B0B2007867FB /* ByGenreViewModel.swift */,
			);
			path = ByGenreView;
			sourceTree = "<group>";
		};
		468EEED32C73B34700C07488 /* AccountView */ = {
			isa = PBXGroup;
			children = (
				468EEED42C73B35A00C07488 /* AccountView.swift */,
				468EEED62C73B4EC00C07488 /* AccountProfile.swift */,
				468EEED82C73BCA500C07488 /* MyActivityList.swift */,
				468EEEDA2C73C05900C07488 /* CommunityList.swift */,
				468EEEDC2C73C45D00C07488 /* LikesView.swift */,
				468EEEE22C73EAFD00C07488 /* MyReviewView.swift */,
				468EEEE42C73EFB000C07488 /* MyReviewRow.swift */,
			);
			path = AccountView;
			sourceTree = "<group>";
		};
/* End PBXGroup section */

/* Begin PBXNativeTarget section */
		33388D6B2C6F2C0A00DECDC3 /* MaDang */ = {
			isa = PBXNativeTarget;
			buildConfigurationList = 33388D7A2C6F2C0C00DECDC3 /* Build configuration list for PBXNativeTarget "MaDang" */;
			buildPhases = (
				33388D682C6F2C0A00DECDC3 /* Sources */,
				33388D692C6F2C0A00DECDC3 /* Frameworks */,
				33388D6A2C6F2C0A00DECDC3 /* Resources */,
			);
			buildRules = (
			);
			dependencies = (
			);
			name = MaDang;
			packageProductDependencies = (
				33388DF82C720F5700DECDC3 /* ChatGPTSwift */,
				33388DFA2C720F5700DECDC3 /* SampleApp */,
				33A068A72C747BB300EF0F09 /* FirebaseAnalytics */,
				33A068A92C747BB300EF0F09 /* FirebaseAnalyticsOnDeviceConversion */,
				33A068AB2C747BB300EF0F09 /* FirebaseAnalyticsWithoutAdIdSupport */,
				33A068AD2C747BB300EF0F09 /* FirebaseAppCheck */,
				33A068AF2C747BB300EF0F09 /* FirebaseAppDistribution-Beta */,
				33A068B12C747BB300EF0F09 /* FirebaseAuth */,
				33A068B32C747BB300EF0F09 /* FirebaseAuthCombine-Community */,
				33A068B52C747BB300EF0F09 /* FirebaseCrashlytics */,
				33A068B72C747BB300EF0F09 /* FirebaseDatabase */,
				33A068B92C747BB300EF0F09 /* FirebaseDynamicLinks */,
				33A068BB2C747BB300EF0F09 /* FirebaseFirestore */,
				33A068BD2C747BB300EF0F09 /* FirebaseFirestoreCombine-Community */,
				33A068BF2C747BB300EF0F09 /* FirebaseFunctions */,
				33A068C12C747BB300EF0F09 /* FirebaseFunctionsCombine-Community */,
				33A068C32C747BB300EF0F09 /* FirebaseInAppMessaging-Beta */,
				33A068C52C747BB300EF0F09 /* FirebaseInstallations */,
				33A068C72C747BB300EF0F09 /* FirebaseMLModelDownloader */,
				33A068C92C747BB300EF0F09 /* FirebaseMessaging */,
				33A068CB2C747BB300EF0F09 /* FirebasePerformance */,
				33A068CD2C747BB300EF0F09 /* FirebaseRemoteConfig */,
				33A068CF2C747BB300EF0F09 /* FirebaseStorage */,
				33A068D12C747BB300EF0F09 /* FirebaseStorageCombine-Community */,
				33A068D32C747BB300EF0F09 /* FirebaseVertexAI-Preview */,
			);
			productName = MaDang;
			productReference = 33388D6C2C6F2C0A00DECDC3 /* MaDang.app */;
			productType = "com.apple.product-type.application";
		};
/* End PBXNativeTarget section */

/* Begin PBXProject section */
		33388D642C6F2C0A00DECDC3 /* Project object */ = {
			isa = PBXProject;
			attributes = {
				BuildIndependentTargetsInParallel = 1;
				LastSwiftUpdateCheck = 1520;
				LastUpgradeCheck = 1520;
				TargetAttributes = {
					33388D6B2C6F2C0A00DECDC3 = {
						CreatedOnToolsVersion = 15.2;
					};
				};
			};
			buildConfigurationList = 33388D672C6F2C0A00DECDC3 /* Build configuration list for PBXProject "MaDang" */;
			compatibilityVersion = "Xcode 14.0";
			developmentRegion = en;
			hasScannedForEncodings = 0;
			knownRegions = (
				en,
				Base,
			);
			mainGroup = 33388D632C6F2C0A00DECDC3;
			packageReferences = (
				33388DF72C720F5700DECDC3 /* XCRemoteSwiftPackageReference "ChatGPTSwift" */,
				33A068A62C747BB300EF0F09 /* XCRemoteSwiftPackageReference "firebase-ios-sdk" */,
			);
			productRefGroup = 33388D6D2C6F2C0A00DECDC3 /* Products */;
			projectDirPath = "";
			projectRoot = "";
			targets = (
				33388D6B2C6F2C0A00DECDC3 /* MaDang */,
			);
		};
/* End PBXProject section */

/* Begin PBXResourcesBuildPhase section */
		33388D6A2C6F2C0A00DECDC3 /* Resources */ = {
			isa = PBXResourcesBuildPhase;
			buildActionMask = 2147483647;
			files = (
				33388D772C6F2C0C00DECDC3 /* Preview Assets.xcassets in Resources */,
				33388D742C6F2C0C00DECDC3 /* Assets.xcassets in Resources */,
				33A068D62C747BD000EF0F09 /* GoogleService-Info.plist in Resources */,
			);
			runOnlyForDeploymentPostprocessing = 0;
		};
/* End PBXResourcesBuildPhase section */

/* Begin PBXSourcesBuildPhase section */
		33388D682C6F2C0A00DECDC3 /* Sources */ = {
			isa = PBXSourcesBuildPhase;
			buildActionMask = 2147483647;
			files = (
				468EEEE32C73EAFD00C07488 /* MyReviewView.swift in Sources */,
				33388D722C6F2C0A00DECDC3 /* ContentView.swift in Sources */,
				4665F0E22C721C22007867FB /* RankingListView.swift in Sources */,
				33388DFD2C72149E00DECDC3 /* DataManager.swift in Sources */,
				468EEED52C73B35A00C07488 /* AccountView.swift in Sources */,
				33388DE92C71324100DECDC3 /* Bundle+.swift in Sources */,
				33388DBD2C7085C300DECDC3 /* MainView.swift in Sources */,
				468EEED92C73BCA500C07488 /* MyActivityList.swift in Sources */,
				33388DC52C70867500DECDC3 /* BestReviewView.swift in Sources */,
				4665F0DC2C720BAB007867FB /* Ranking.swift in Sources */,
				33388D912C6F635300DECDC3 /* Color+.swift in Sources */,
				4665F0DA2C7209A0007867FB /* LogoHeader.swift in Sources */,
				33A068982C73B79200EF0F09 /* TouristInfoCell.swift in Sources */,
				4665F12C2C73B0B2007867FB /* ByGenreViewModel.swift in Sources */,
				33388D8F2C6F369300DECDC3 /* DetailCastingView.swift in Sources */,
				33A0689A2C73C1AD00EF0F09 /* TouristInfoGridView.swift in Sources */,
				33388DBF2C70864700DECDC3 /* WhatIsNewView.swift in Sources */,
				33388E052C728B7F00DECDC3 /* RatingView.swift in Sources */,
				33388D8B2C6F367300DECDC3 /* DetailReviewView.swift in Sources */,
				4665F0E82C721F68007867FB /* RankingListCell.swift in Sources */,
				33388D982C6F8E2800DECDC3 /* Actor.swift in Sources */,
				33388D9A2C6F8EC000DECDC3 /* Review.swift in Sources */,
				33388DFF2C7226D900DECDC3 /* DetailXMLParser.swift in Sources */,
				4665F1262C73B04B007867FB /* ByGenreListCell.swift in Sources */,
				4665F12A2C73B08B007867FB /* ByGenreView.swift in Sources */,
				4665F0F02C72384F007867FB /* Title.swift in Sources */,
				4665F0EE2C723802007867FB /* MainTabView.swift in Sources */,
				33388D9E2C6F906B00DECDC3 /* User.swift in Sources */,
				33388DDD2C70FC6200DECDC3 /* GenreModalView.swift in Sources */,
				33388DC32C70866600DECDC3 /* GenreView.swift in Sources */,
				33388DE22C712E3800DECDC3 /* KopisNetworkingManager.swift in Sources */,
				4665F1242C73B028007867FB /* ByGenreHeader.swift in Sources */,
				33388DED2C713E5C00DECDC3 /* XMLParser.swift in Sources */,
				33388D872C6F365300DECDC3 /* DetailInfoView.swift in Sources */,
				33388D892C6F365E00DECDC3 /* DetailImageView.swift in Sources */,
				468EEEE52C73EFB000C07488 /* MyReviewRow.swift in Sources */,
				33388DA32C6F921400DECDC3 /* Genre.swift in Sources */,
				33388DF62C720F3300DECDC3 /* GPTManager.swift in Sources */,
				33388DDB2C70E0DB00DECDC3 /* RankingCell.swift in Sources */,
				4665F0DE2C720CCD007867FB /* RankingModalView.swift in Sources */,
				33388DC72C7086E600DECDC3 /* BestReviewRow.swift in Sources */,
				33388D9C2C6F8FB300DECDC3 /* TouristInfo.swift in Sources */,
				33388D962C6F88F900DECDC3 /* Performance.swift in Sources */,
				468EEEDD2C73C45D00C07488 /* LikesView.swift in Sources */,
				33A068A22C74799800EF0F09 /* KeychainHelper.swift in Sources */,
				33388DB42C6FCC5F00DECDC3 /* Country.swift in Sources */,
				4665F0D82C7208E5007867FB /* RankingView.swift in Sources */,
				468EEEDB2C73C05900C07488 /* CommunityList.swift in Sources */,
				4665F1282C73B062007867FB /* ByGenreModalView.swift in Sources */,
				33A068A02C74797C00EF0F09 /* AppleAuthManager.swift in Sources */,
				468EEED72C73B4EC00C07488 /* AccountProfile.swift in Sources */,
				33388DB82C6FCE0700DECDC3 /* AttractionType.swift in Sources */,
				33388DC12C70865A00DECDC3 /* PopularityRankingView.swift in Sources */,
				33388E072C732F6900DECDC3 /* FocusableTextEditor.swift in Sources */,
				33388D8D2C6F368300DECDC3 /* DetailTouristInfoView.swift in Sources */,
				33A068A52C7479F800EF0F09 /* AppleLoginView.swift in Sources */,
				33388D842C6F363800DECDC3 /* DetailView.swift in Sources */,
				33388E012C72827300DECDC3 /* ReviewEditorView.swift in Sources */,
				33388D702C6F2C0A00DECDC3 /* MaDangApp.swift in Sources */,
				33388DEB2C713C6900DECDC3 /* ApiModel.swift in Sources */,
				33388DE62C71305B00DECDC3 /* Constants.swift in Sources */,
				4665F0E02C721AB9007867FB /* LangSelectionView.swift in Sources */,
			);
			runOnlyForDeploymentPostprocessing = 0;
		};
/* End PBXSourcesBuildPhase section */

/* Begin XCBuildConfiguration section */
		33388D782C6F2C0C00DECDC3 /* Debug */ = {
			isa = XCBuildConfiguration;
			baseConfigurationReference = 33388DE32C712E6100DECDC3 /* Config.xcconfig */;
			buildSettings = {
				ALWAYS_SEARCH_USER_PATHS = NO;
				ASSETCATALOG_COMPILER_GENERATE_SWIFT_ASSET_SYMBOL_EXTENSIONS = YES;
				CLANG_ANALYZER_NONNULL = YES;
				CLANG_ANALYZER_NUMBER_OBJECT_CONVERSION = YES_AGGRESSIVE;
				CLANG_CXX_LANGUAGE_STANDARD = "gnu++20";
				CLANG_ENABLE_MODULES = YES;
				CLANG_ENABLE_OBJC_ARC = YES;
				CLANG_ENABLE_OBJC_WEAK = YES;
				CLANG_WARN_BLOCK_CAPTURE_AUTORELEASING = YES;
				CLANG_WARN_BOOL_CONVERSION = YES;
				CLANG_WARN_COMMA = YES;
				CLANG_WARN_CONSTANT_CONVERSION = YES;
				CLANG_WARN_DEPRECATED_OBJC_IMPLEMENTATIONS = YES;
				CLANG_WARN_DIRECT_OBJC_ISA_USAGE = YES_ERROR;
				CLANG_WARN_DOCUMENTATION_COMMENTS = YES;
				CLANG_WARN_EMPTY_BODY = YES;
				CLANG_WARN_ENUM_CONVERSION = YES;
				CLANG_WARN_INFINITE_RECURSION = YES;
				CLANG_WARN_INT_CONVERSION = YES;
				CLANG_WARN_NON_LITERAL_NULL_CONVERSION = YES;
				CLANG_WARN_OBJC_IMPLICIT_RETAIN_SELF = YES;
				CLANG_WARN_OBJC_LITERAL_CONVERSION = YES;
				CLANG_WARN_OBJC_ROOT_CLASS = YES_ERROR;
				CLANG_WARN_QUOTED_INCLUDE_IN_FRAMEWORK_HEADER = YES;
				CLANG_WARN_RANGE_LOOP_ANALYSIS = YES;
				CLANG_WARN_STRICT_PROTOTYPES = YES;
				CLANG_WARN_SUSPICIOUS_MOVE = YES;
				CLANG_WARN_UNGUARDED_AVAILABILITY = YES_AGGRESSIVE;
				CLANG_WARN_UNREACHABLE_CODE = YES;
				CLANG_WARN__DUPLICATE_METHOD_MATCH = YES;
				COPY_PHASE_STRIP = NO;
				DEBUG_INFORMATION_FORMAT = dwarf;
				ENABLE_STRICT_OBJC_MSGSEND = YES;
				ENABLE_TESTABILITY = YES;
				ENABLE_USER_SCRIPT_SANDBOXING = YES;
				GCC_C_LANGUAGE_STANDARD = gnu17;
				GCC_DYNAMIC_NO_PIC = NO;
				GCC_NO_COMMON_BLOCKS = YES;
				GCC_OPTIMIZATION_LEVEL = 0;
				GCC_PREPROCESSOR_DEFINITIONS = (
					"DEBUG=1",
					"$(inherited)",
				);
				GCC_WARN_64_TO_32_BIT_CONVERSION = YES;
				GCC_WARN_ABOUT_RETURN_TYPE = YES_ERROR;
				GCC_WARN_UNDECLARED_SELECTOR = YES;
				GCC_WARN_UNINITIALIZED_AUTOS = YES_AGGRESSIVE;
				GCC_WARN_UNUSED_FUNCTION = YES;
				GCC_WARN_UNUSED_VARIABLE = YES;
				IPHONEOS_DEPLOYMENT_TARGET = 17.2;
				LOCALIZATION_PREFERS_STRING_CATALOGS = YES;
				MTL_ENABLE_DEBUG_INFO = INCLUDE_SOURCE;
				MTL_FAST_MATH = YES;
				ONLY_ACTIVE_ARCH = YES;
				SDKROOT = iphoneos;
				SWIFT_ACTIVE_COMPILATION_CONDITIONS = "DEBUG $(inherited)";
				SWIFT_OPTIMIZATION_LEVEL = "-Onone";
			};
			name = Debug;
		};
		33388D792C6F2C0C00DECDC3 /* Release */ = {
			isa = XCBuildConfiguration;
			baseConfigurationReference = 33388DE32C712E6100DECDC3 /* Config.xcconfig */;
			buildSettings = {
				ALWAYS_SEARCH_USER_PATHS = NO;
				ASSETCATALOG_COMPILER_GENERATE_SWIFT_ASSET_SYMBOL_EXTENSIONS = YES;
				CLANG_ANALYZER_NONNULL = YES;
				CLANG_ANALYZER_NUMBER_OBJECT_CONVERSION = YES_AGGRESSIVE;
				CLANG_CXX_LANGUAGE_STANDARD = "gnu++20";
				CLANG_ENABLE_MODULES = YES;
				CLANG_ENABLE_OBJC_ARC = YES;
				CLANG_ENABLE_OBJC_WEAK = YES;
				CLANG_WARN_BLOCK_CAPTURE_AUTORELEASING = YES;
				CLANG_WARN_BOOL_CONVERSION = YES;
				CLANG_WARN_COMMA = YES;
				CLANG_WARN_CONSTANT_CONVERSION = YES;
				CLANG_WARN_DEPRECATED_OBJC_IMPLEMENTATIONS = YES;
				CLANG_WARN_DIRECT_OBJC_ISA_USAGE = YES_ERROR;
				CLANG_WARN_DOCUMENTATION_COMMENTS = YES;
				CLANG_WARN_EMPTY_BODY = YES;
				CLANG_WARN_ENUM_CONVERSION = YES;
				CLANG_WARN_INFINITE_RECURSION = YES;
				CLANG_WARN_INT_CONVERSION = YES;
				CLANG_WARN_NON_LITERAL_NULL_CONVERSION = YES;
				CLANG_WARN_OBJC_IMPLICIT_RETAIN_SELF = YES;
				CLANG_WARN_OBJC_LITERAL_CONVERSION = YES;
				CLANG_WARN_OBJC_ROOT_CLASS = YES_ERROR;
				CLANG_WARN_QUOTED_INCLUDE_IN_FRAMEWORK_HEADER = YES;
				CLANG_WARN_RANGE_LOOP_ANALYSIS = YES;
				CLANG_WARN_STRICT_PROTOTYPES = YES;
				CLANG_WARN_SUSPICIOUS_MOVE = YES;
				CLANG_WARN_UNGUARDED_AVAILABILITY = YES_AGGRESSIVE;
				CLANG_WARN_UNREACHABLE_CODE = YES;
				CLANG_WARN__DUPLICATE_METHOD_MATCH = YES;
				COPY_PHASE_STRIP = NO;
				DEBUG_INFORMATION_FORMAT = "dwarf-with-dsym";
				ENABLE_NS_ASSERTIONS = NO;
				ENABLE_STRICT_OBJC_MSGSEND = YES;
				ENABLE_USER_SCRIPT_SANDBOXING = YES;
				GCC_C_LANGUAGE_STANDARD = gnu17;
				GCC_NO_COMMON_BLOCKS = YES;
				GCC_WARN_64_TO_32_BIT_CONVERSION = YES;
				GCC_WARN_ABOUT_RETURN_TYPE = YES_ERROR;
				GCC_WARN_UNDECLARED_SELECTOR = YES;
				GCC_WARN_UNINITIALIZED_AUTOS = YES_AGGRESSIVE;
				GCC_WARN_UNUSED_FUNCTION = YES;
				GCC_WARN_UNUSED_VARIABLE = YES;
				IPHONEOS_DEPLOYMENT_TARGET = 17.2;
				LOCALIZATION_PREFERS_STRING_CATALOGS = YES;
				MTL_ENABLE_DEBUG_INFO = NO;
				MTL_FAST_MATH = YES;
				SDKROOT = iphoneos;
				SWIFT_COMPILATION_MODE = wholemodule;
				VALIDATE_PRODUCT = YES;
			};
			name = Release;
		};
		33388D7B2C6F2C0C00DECDC3 /* Debug */ = {
			isa = XCBuildConfiguration;
			baseConfigurationReference = 33388DE32C712E6100DECDC3 /* Config.xcconfig */;
			buildSettings = {
				ASSETCATALOG_COMPILER_APPICON_NAME = AppIcon;
				ASSETCATALOG_COMPILER_GLOBAL_ACCENT_COLOR_NAME = AccentColor;
				CODE_SIGN_ENTITLEMENTS = MaDang/MaDang.entitlements;
				CODE_SIGN_IDENTITY = "Apple Development";
				CODE_SIGN_STYLE = Automatic;
				CURRENT_PROJECT_VERSION = 1;
				DEVELOPMENT_ASSET_PATHS = "\"MaDang/Preview Content\"";
				DEVELOPMENT_TEAM = 6FFZZTFJHB;
				ENABLE_PREVIEWS = YES;
				GENERATE_INFOPLIST_FILE = YES;
				INFOPLIST_FILE = MaDang/Info.plist;
				INFOPLIST_KEY_UIApplicationSceneManifest_Generation = YES;
				INFOPLIST_KEY_UIApplicationSupportsIndirectInputEvents = YES;
				INFOPLIST_KEY_UILaunchScreen_Generation = YES;
				INFOPLIST_KEY_UISupportedInterfaceOrientations_iPad = "UIInterfaceOrientationPortrait UIInterfaceOrientationPortraitUpsideDown UIInterfaceOrientationLandscapeLeft UIInterfaceOrientationLandscapeRight";
				INFOPLIST_KEY_UISupportedInterfaceOrientations_iPhone = "UIInterfaceOrientationPortrait UIInterfaceOrientationLandscapeLeft UIInterfaceOrientationLandscapeRight";
				LD_RUNPATH_SEARCH_PATHS = (
					"$(inherited)",
					"@executable_path/Frameworks",
				);
				MARKETING_VERSION = 1.0;
				PRODUCT_BUNDLE_IDENTIFIER = com.Saejaksaejak.MaDang;
				PRODUCT_NAME = "$(TARGET_NAME)";
				PROVISIONING_PROFILE_SPECIFIER = "";
				SWIFT_EMIT_LOC_STRINGS = YES;
				SWIFT_VERSION = 5.0;
				TARGETED_DEVICE_FAMILY = "1,2";
			};
			name = Debug;
		};
		33388D7C2C6F2C0C00DECDC3 /* Release */ = {
			isa = XCBuildConfiguration;
			baseConfigurationReference = 33388DE32C712E6100DECDC3 /* Config.xcconfig */;
			buildSettings = {
				ASSETCATALOG_COMPILER_APPICON_NAME = AppIcon;
				ASSETCATALOG_COMPILER_GLOBAL_ACCENT_COLOR_NAME = AccentColor;
				CODE_SIGN_ENTITLEMENTS = MaDang/MaDang.entitlements;
				CODE_SIGN_IDENTITY = "Apple Development";
				CODE_SIGN_STYLE = Automatic;
				CURRENT_PROJECT_VERSION = 1;
				DEVELOPMENT_ASSET_PATHS = "\"MaDang/Preview Content\"";
				DEVELOPMENT_TEAM = 6FFZZTFJHB;
				ENABLE_PREVIEWS = YES;
				GENERATE_INFOPLIST_FILE = YES;
				INFOPLIST_FILE = MaDang/Info.plist;
				INFOPLIST_KEY_UIApplicationSceneManifest_Generation = YES;
				INFOPLIST_KEY_UIApplicationSupportsIndirectInputEvents = YES;
				INFOPLIST_KEY_UILaunchScreen_Generation = YES;
				INFOPLIST_KEY_UISupportedInterfaceOrientations_iPad = "UIInterfaceOrientationPortrait UIInterfaceOrientationPortraitUpsideDown UIInterfaceOrientationLandscapeLeft UIInterfaceOrientationLandscapeRight";
				INFOPLIST_KEY_UISupportedInterfaceOrientations_iPhone = "UIInterfaceOrientationPortrait UIInterfaceOrientationLandscapeLeft UIInterfaceOrientationLandscapeRight";
				LD_RUNPATH_SEARCH_PATHS = (
					"$(inherited)",
					"@executable_path/Frameworks",
				);
				MARKETING_VERSION = 1.0;
				PRODUCT_BUNDLE_IDENTIFIER = com.Saejaksaejak.MaDang;
				PRODUCT_NAME = "$(TARGET_NAME)";
				PROVISIONING_PROFILE_SPECIFIER = "";
				SWIFT_EMIT_LOC_STRINGS = YES;
				SWIFT_VERSION = 5.0;
				TARGETED_DEVICE_FAMILY = "1,2";
			};
			name = Release;
		};
/* End XCBuildConfiguration section */

/* Begin XCConfigurationList section */
		33388D672C6F2C0A00DECDC3 /* Build configuration list for PBXProject "MaDang" */ = {
			isa = XCConfigurationList;
			buildConfigurations = (
				33388D782C6F2C0C00DECDC3 /* Debug */,
				33388D792C6F2C0C00DECDC3 /* Release */,
			);
			defaultConfigurationIsVisible = 0;
			defaultConfigurationName = Release;
		};
		33388D7A2C6F2C0C00DECDC3 /* Build configuration list for PBXNativeTarget "MaDang" */ = {
			isa = XCConfigurationList;
			buildConfigurations = (
				33388D7B2C6F2C0C00DECDC3 /* Debug */,
				33388D7C2C6F2C0C00DECDC3 /* Release */,
			);
			defaultConfigurationIsVisible = 0;
			defaultConfigurationName = Release;
		};
/* End XCConfigurationList section */

/* Begin XCRemoteSwiftPackageReference section */
		33388DF72C720F5700DECDC3 /* XCRemoteSwiftPackageReference "ChatGPTSwift" */ = {
			isa = XCRemoteSwiftPackageReference;
			repositoryURL = "https://github.com/alfianlosari/ChatGPTSwift.git";
			requirement = {
				kind = upToNextMajorVersion;
				minimumVersion = 2.3.2;
			};
		};
		33A068A62C747BB300EF0F09 /* XCRemoteSwiftPackageReference "firebase-ios-sdk" */ = {
			isa = XCRemoteSwiftPackageReference;
			repositoryURL = "https://github.com/firebase/firebase-ios-sdk";
			requirement = {
				kind = upToNextMajorVersion;
				minimumVersion = 11.1.0;
			};
		};
/* End XCRemoteSwiftPackageReference section */

/* Begin XCSwiftPackageProductDependency section */
		33388DF82C720F5700DECDC3 /* ChatGPTSwift */ = {
			isa = XCSwiftPackageProductDependency;
			package = 33388DF72C720F5700DECDC3 /* XCRemoteSwiftPackageReference "ChatGPTSwift" */;
			productName = ChatGPTSwift;
		};
		33388DFA2C720F5700DECDC3 /* SampleApp */ = {
			isa = XCSwiftPackageProductDependency;
			package = 33388DF72C720F5700DECDC3 /* XCRemoteSwiftPackageReference "ChatGPTSwift" */;
			productName = SampleApp;
		};
		33A068A72C747BB300EF0F09 /* FirebaseAnalytics */ = {
			isa = XCSwiftPackageProductDependency;
			package = 33A068A62C747BB300EF0F09 /* XCRemoteSwiftPackageReference "firebase-ios-sdk" */;
			productName = FirebaseAnalytics;
		};
		33A068A92C747BB300EF0F09 /* FirebaseAnalyticsOnDeviceConversion */ = {
			isa = XCSwiftPackageProductDependency;
			package = 33A068A62C747BB300EF0F09 /* XCRemoteSwiftPackageReference "firebase-ios-sdk" */;
			productName = FirebaseAnalyticsOnDeviceConversion;
		};
		33A068AB2C747BB300EF0F09 /* FirebaseAnalyticsWithoutAdIdSupport */ = {
			isa = XCSwiftPackageProductDependency;
			package = 33A068A62C747BB300EF0F09 /* XCRemoteSwiftPackageReference "firebase-ios-sdk" */;
			productName = FirebaseAnalyticsWithoutAdIdSupport;
		};
		33A068AD2C747BB300EF0F09 /* FirebaseAppCheck */ = {
			isa = XCSwiftPackageProductDependency;
			package = 33A068A62C747BB300EF0F09 /* XCRemoteSwiftPackageReference "firebase-ios-sdk" */;
			productName = FirebaseAppCheck;
		};
		33A068AF2C747BB300EF0F09 /* FirebaseAppDistribution-Beta */ = {
			isa = XCSwiftPackageProductDependency;
			package = 33A068A62C747BB300EF0F09 /* XCRemoteSwiftPackageReference "firebase-ios-sdk" */;
			productName = "FirebaseAppDistribution-Beta";
		};
		33A068B12C747BB300EF0F09 /* FirebaseAuth */ = {
			isa = XCSwiftPackageProductDependency;
			package = 33A068A62C747BB300EF0F09 /* XCRemoteSwiftPackageReference "firebase-ios-sdk" */;
			productName = FirebaseAuth;
		};
		33A068B32C747BB300EF0F09 /* FirebaseAuthCombine-Community */ = {
			isa = XCSwiftPackageProductDependency;
			package = 33A068A62C747BB300EF0F09 /* XCRemoteSwiftPackageReference "firebase-ios-sdk" */;
			productName = "FirebaseAuthCombine-Community";
		};
		33A068B52C747BB300EF0F09 /* FirebaseCrashlytics */ = {
			isa = XCSwiftPackageProductDependency;
			package = 33A068A62C747BB300EF0F09 /* XCRemoteSwiftPackageReference "firebase-ios-sdk" */;
			productName = FirebaseCrashlytics;
		};
		33A068B72C747BB300EF0F09 /* FirebaseDatabase */ = {
			isa = XCSwiftPackageProductDependency;
			package = 33A068A62C747BB300EF0F09 /* XCRemoteSwiftPackageReference "firebase-ios-sdk" */;
			productName = FirebaseDatabase;
		};
		33A068B92C747BB300EF0F09 /* FirebaseDynamicLinks */ = {
			isa = XCSwiftPackageProductDependency;
			package = 33A068A62C747BB300EF0F09 /* XCRemoteSwiftPackageReference "firebase-ios-sdk" */;
			productName = FirebaseDynamicLinks;
		};
		33A068BB2C747BB300EF0F09 /* FirebaseFirestore */ = {
			isa = XCSwiftPackageProductDependency;
			package = 33A068A62C747BB300EF0F09 /* XCRemoteSwiftPackageReference "firebase-ios-sdk" */;
			productName = FirebaseFirestore;
		};
		33A068BD2C747BB300EF0F09 /* FirebaseFirestoreCombine-Community */ = {
			isa = XCSwiftPackageProductDependency;
			package = 33A068A62C747BB300EF0F09 /* XCRemoteSwiftPackageReference "firebase-ios-sdk" */;
			productName = "FirebaseFirestoreCombine-Community";
		};
		33A068BF2C747BB300EF0F09 /* FirebaseFunctions */ = {
			isa = XCSwiftPackageProductDependency;
			package = 33A068A62C747BB300EF0F09 /* XCRemoteSwiftPackageReference "firebase-ios-sdk" */;
			productName = FirebaseFunctions;
		};
		33A068C12C747BB300EF0F09 /* FirebaseFunctionsCombine-Community */ = {
			isa = XCSwiftPackageProductDependency;
			package = 33A068A62C747BB300EF0F09 /* XCRemoteSwiftPackageReference "firebase-ios-sdk" */;
			productName = "FirebaseFunctionsCombine-Community";
		};
		33A068C32C747BB300EF0F09 /* FirebaseInAppMessaging-Beta */ = {
			isa = XCSwiftPackageProductDependency;
			package = 33A068A62C747BB300EF0F09 /* XCRemoteSwiftPackageReference "firebase-ios-sdk" */;
			productName = "FirebaseInAppMessaging-Beta";
		};
		33A068C52C747BB300EF0F09 /* FirebaseInstallations */ = {
			isa = XCSwiftPackageProductDependency;
			package = 33A068A62C747BB300EF0F09 /* XCRemoteSwiftPackageReference "firebase-ios-sdk" */;
			productName = FirebaseInstallations;
		};
		33A068C72C747BB300EF0F09 /* FirebaseMLModelDownloader */ = {
			isa = XCSwiftPackageProductDependency;
			package = 33A068A62C747BB300EF0F09 /* XCRemoteSwiftPackageReference "firebase-ios-sdk" */;
			productName = FirebaseMLModelDownloader;
		};
		33A068C92C747BB300EF0F09 /* FirebaseMessaging */ = {
			isa = XCSwiftPackageProductDependency;
			package = 33A068A62C747BB300EF0F09 /* XCRemoteSwiftPackageReference "firebase-ios-sdk" */;
			productName = FirebaseMessaging;
		};
		33A068CB2C747BB300EF0F09 /* FirebasePerformance */ = {
			isa = XCSwiftPackageProductDependency;
			package = 33A068A62C747BB300EF0F09 /* XCRemoteSwiftPackageReference "firebase-ios-sdk" */;
			productName = FirebasePerformance;
		};
		33A068CD2C747BB300EF0F09 /* FirebaseRemoteConfig */ = {
			isa = XCSwiftPackageProductDependency;
			package = 33A068A62C747BB300EF0F09 /* XCRemoteSwiftPackageReference "firebase-ios-sdk" */;
			productName = FirebaseRemoteConfig;
		};
		33A068CF2C747BB300EF0F09 /* FirebaseStorage */ = {
			isa = XCSwiftPackageProductDependency;
			package = 33A068A62C747BB300EF0F09 /* XCRemoteSwiftPackageReference "firebase-ios-sdk" */;
			productName = FirebaseStorage;
		};
		33A068D12C747BB300EF0F09 /* FirebaseStorageCombine-Community */ = {
			isa = XCSwiftPackageProductDependency;
			package = 33A068A62C747BB300EF0F09 /* XCRemoteSwiftPackageReference "firebase-ios-sdk" */;
			productName = "FirebaseStorageCombine-Community";
		};
		33A068D32C747BB300EF0F09 /* FirebaseVertexAI-Preview */ = {
			isa = XCSwiftPackageProductDependency;
			package = 33A068A62C747BB300EF0F09 /* XCRemoteSwiftPackageReference "firebase-ios-sdk" */;
			productName = "FirebaseVertexAI-Preview";
		};
/* End XCSwiftPackageProductDependency section */
	};
	rootObject = 33388D642C6F2C0A00DECDC3 /* Project object */;
}
