// !$*UTF8*$!
{
	archiveVersion = 1;
	classes = {
	};
	objectVersion = 56;
	objects = {

/* Begin PBXBuildFile section */
		33388D702C6F2C0A00DECDC3 /* MaDangApp.swift in Sources */ = {isa = PBXBuildFile; fileRef = 33388D6F2C6F2C0A00DECDC3 /* MaDangApp.swift */; };
		33388D722C6F2C0A00DECDC3 /* ContentView.swift in Sources */ = {isa = PBXBuildFile; fileRef = 33388D712C6F2C0A00DECDC3 /* ContentView.swift */; };
		33388D742C6F2C0C00DECDC3 /* Assets.xcassets in Resources */ = {isa = PBXBuildFile; fileRef = 33388D732C6F2C0C00DECDC3 /* Assets.xcassets */; };
		33388D772C6F2C0C00DECDC3 /* Preview Assets.xcassets in Resources */ = {isa = PBXBuildFile; fileRef = 33388D762C6F2C0C00DECDC3 /* Preview Assets.xcassets */; };
		33388D842C6F363800DECDC3 /* DetailView.swift in Sources */ = {isa = PBXBuildFile; fileRef = 33388D832C6F363800DECDC3 /* DetailView.swift */; };
		33388D872C6F365300DECDC3 /* DetailInfoView.swift in Sources */ = {isa = PBXBuildFile; fileRef = 33388D862C6F365300DECDC3 /* DetailInfoView.swift */; };
		33388D892C6F365E00DECDC3 /* DetailImageView.swift in Sources */ = {isa = PBXBuildFile; fileRef = 33388D882C6F365E00DECDC3 /* DetailImageView.swift */; };
		33388D8B2C6F367300DECDC3 /* DetailReviewView.swift in Sources */ = {isa = PBXBuildFile; fileRef = 33388D8A2C6F367300DECDC3 /* DetailReviewView.swift */; };
		33388D8D2C6F368300DECDC3 /* DetailTouristInfoView.swift in Sources */ = {isa = PBXBuildFile; fileRef = 33388D8C2C6F368300DECDC3 /* DetailTouristInfoView.swift */; };
		33388D8F2C6F369300DECDC3 /* DetailCastingView.swift in Sources */ = {isa = PBXBuildFile; fileRef = 33388D8E2C6F369300DECDC3 /* DetailCastingView.swift */; };
		33388D912C6F635300DECDC3 /* Color+.swift in Sources */ = {isa = PBXBuildFile; fileRef = 33388D902C6F635300DECDC3 /* Color+.swift */; };
		33388D962C6F88F900DECDC3 /* Performance.swift in Sources */ = {isa = PBXBuildFile; fileRef = 33388D952C6F88F900DECDC3 /* Performance.swift */; };
		33388D982C6F8E2800DECDC3 /* Actor.swift in Sources */ = {isa = PBXBuildFile; fileRef = 33388D972C6F8E2800DECDC3 /* Actor.swift */; };
		33388D9A2C6F8EC000DECDC3 /* Review.swift in Sources */ = {isa = PBXBuildFile; fileRef = 33388D992C6F8EC000DECDC3 /* Review.swift */; };
		33388D9C2C6F8FB300DECDC3 /* TouristInfo.swift in Sources */ = {isa = PBXBuildFile; fileRef = 33388D9B2C6F8FB300DECDC3 /* TouristInfo.swift */; };
		33388D9E2C6F906B00DECDC3 /* User.swift in Sources */ = {isa = PBXBuildFile; fileRef = 33388D9D2C6F906B00DECDC3 /* User.swift */; };
		33388DA32C6F921400DECDC3 /* Genre.swift in Sources */ = {isa = PBXBuildFile; fileRef = 33388DA22C6F921400DECDC3 /* Genre.swift */; };
		33388DB42C6FCC5F00DECDC3 /* Country.swift in Sources */ = {isa = PBXBuildFile; fileRef = 33388DB32C6FCC5F00DECDC3 /* Country.swift */; };
		33388DB82C6FCE0700DECDC3 /* AttractionType.swift in Sources */ = {isa = PBXBuildFile; fileRef = 33388DB72C6FCE0700DECDC3 /* AttractionType.swift */; };
		33388DBD2C7085C300DECDC3 /* MainView.swift in Sources */ = {isa = PBXBuildFile; fileRef = 33388DBC2C7085C300DECDC3 /* MainView.swift */; };
		33388DBF2C70864700DECDC3 /* WhatIsNewView.swift in Sources */ = {isa = PBXBuildFile; fileRef = 33388DBE2C70864700DECDC3 /* WhatIsNewView.swift */; };
		33388DC12C70865A00DECDC3 /* PopularityRankingView.swift in Sources */ = {isa = PBXBuildFile; fileRef = 33388DC02C70865A00DECDC3 /* PopularityRankingView.swift */; };
		33388DC32C70866600DECDC3 /* GenreView.swift in Sources */ = {isa = PBXBuildFile; fileRef = 33388DC22C70866600DECDC3 /* GenreView.swift */; };
		33388DC52C70867500DECDC3 /* BestReviewView.swift in Sources */ = {isa = PBXBuildFile; fileRef = 33388DC42C70867500DECDC3 /* BestReviewView.swift */; };
		33388DC72C7086E600DECDC3 /* BestReviewRow.swift in Sources */ = {isa = PBXBuildFile; fileRef = 33388DC62C7086E600DECDC3 /* BestReviewRow.swift */; };
		33388DDB2C70E0DB00DECDC3 /* RankingCell.swift in Sources */ = {isa = PBXBuildFile; fileRef = 33388DDA2C70E0DB00DECDC3 /* RankingCell.swift */; };
		33388DDD2C70FC6200DECDC3 /* GenreModalView.swift in Sources */ = {isa = PBXBuildFile; fileRef = 33388DDC2C70FC6200DECDC3 /* GenreModalView.swift */; };
/* End PBXBuildFile section */

/* Begin PBXFileReference section */
		33388D6C2C6F2C0A00DECDC3 /* MaDang.app */ = {isa = PBXFileReference; explicitFileType = wrapper.application; includeInIndex = 0; path = MaDang.app; sourceTree = BUILT_PRODUCTS_DIR; };
		33388D6F2C6F2C0A00DECDC3 /* MaDangApp.swift */ = {isa = PBXFileReference; lastKnownFileType = sourcecode.swift; path = MaDangApp.swift; sourceTree = "<group>"; };
		33388D712C6F2C0A00DECDC3 /* ContentView.swift */ = {isa = PBXFileReference; lastKnownFileType = sourcecode.swift; path = ContentView.swift; sourceTree = "<group>"; };
		33388D732C6F2C0C00DECDC3 /* Assets.xcassets */ = {isa = PBXFileReference; lastKnownFileType = folder.assetcatalog; path = Assets.xcassets; sourceTree = "<group>"; };
		33388D762C6F2C0C00DECDC3 /* Preview Assets.xcassets */ = {isa = PBXFileReference; lastKnownFileType = folder.assetcatalog; path = "Preview Assets.xcassets"; sourceTree = "<group>"; };
		33388D832C6F363800DECDC3 /* DetailView.swift */ = {isa = PBXFileReference; lastKnownFileType = sourcecode.swift; path = DetailView.swift; sourceTree = "<group>"; };
		33388D862C6F365300DECDC3 /* DetailInfoView.swift */ = {isa = PBXFileReference; lastKnownFileType = sourcecode.swift; path = DetailInfoView.swift; sourceTree = "<group>"; };
		33388D882C6F365E00DECDC3 /* DetailImageView.swift */ = {isa = PBXFileReference; lastKnownFileType = sourcecode.swift; path = DetailImageView.swift; sourceTree = "<group>"; };
		33388D8A2C6F367300DECDC3 /* DetailReviewView.swift */ = {isa = PBXFileReference; lastKnownFileType = sourcecode.swift; path = DetailReviewView.swift; sourceTree = "<group>"; };
		33388D8C2C6F368300DECDC3 /* DetailTouristInfoView.swift */ = {isa = PBXFileReference; lastKnownFileType = sourcecode.swift; path = DetailTouristInfoView.swift; sourceTree = "<group>"; };
		33388D8E2C6F369300DECDC3 /* DetailCastingView.swift */ = {isa = PBXFileReference; lastKnownFileType = sourcecode.swift; path = DetailCastingView.swift; sourceTree = "<group>"; };
		33388D902C6F635300DECDC3 /* Color+.swift */ = {isa = PBXFileReference; lastKnownFileType = sourcecode.swift; path = "Color+.swift"; sourceTree = "<group>"; };
		33388D952C6F88F900DECDC3 /* Performance.swift */ = {isa = PBXFileReference; lastKnownFileType = sourcecode.swift; path = Performance.swift; sourceTree = "<group>"; };
		33388D972C6F8E2800DECDC3 /* Actor.swift */ = {isa = PBXFileReference; lastKnownFileType = sourcecode.swift; path = Actor.swift; sourceTree = "<group>"; };
		33388D992C6F8EC000DECDC3 /* Review.swift */ = {isa = PBXFileReference; lastKnownFileType = sourcecode.swift; path = Review.swift; sourceTree = "<group>"; };
		33388D9B2C6F8FB300DECDC3 /* TouristInfo.swift */ = {isa = PBXFileReference; lastKnownFileType = sourcecode.swift; path = TouristInfo.swift; sourceTree = "<group>"; };
		33388D9D2C6F906B00DECDC3 /* User.swift */ = {isa = PBXFileReference; lastKnownFileType = sourcecode.swift; path = User.swift; sourceTree = "<group>"; };
		33388DA22C6F921400DECDC3 /* Genre.swift */ = {isa = PBXFileReference; lastKnownFileType = sourcecode.swift; path = Genre.swift; sourceTree = "<group>"; };
		33388DB32C6FCC5F00DECDC3 /* Country.swift */ = {isa = PBXFileReference; lastKnownFileType = sourcecode.swift; path = Country.swift; sourceTree = "<group>"; };
		33388DB72C6FCE0700DECDC3 /* AttractionType.swift */ = {isa = PBXFileReference; lastKnownFileType = sourcecode.swift; path = AttractionType.swift; sourceTree = "<group>"; };
		33388DBC2C7085C300DECDC3 /* MainView.swift */ = {isa = PBXFileReference; lastKnownFileType = sourcecode.swift; path = MainView.swift; sourceTree = "<group>"; };
		33388DBE2C70864700DECDC3 /* WhatIsNewView.swift */ = {isa = PBXFileReference; lastKnownFileType = sourcecode.swift; path = WhatIsNewView.swift; sourceTree = "<group>"; };
		33388DC02C70865A00DECDC3 /* PopularityRankingView.swift */ = {isa = PBXFileReference; lastKnownFileType = sourcecode.swift; path = PopularityRankingView.swift; sourceTree = "<group>"; };
		33388DC22C70866600DECDC3 /* GenreView.swift */ = {isa = PBXFileReference; lastKnownFileType = sourcecode.swift; path = GenreView.swift; sourceTree = "<group>"; };
		33388DC42C70867500DECDC3 /* BestReviewView.swift */ = {isa = PBXFileReference; lastKnownFileType = sourcecode.swift; path = BestReviewView.swift; sourceTree = "<group>"; };
		33388DC62C7086E600DECDC3 /* BestReviewRow.swift */ = {isa = PBXFileReference; lastKnownFileType = sourcecode.swift; path = BestReviewRow.swift; sourceTree = "<group>"; };
		33388DDA2C70E0DB00DECDC3 /* RankingCell.swift */ = {isa = PBXFileReference; lastKnownFileType = sourcecode.swift; path = RankingCell.swift; sourceTree = "<group>"; };
		33388DDC2C70FC6200DECDC3 /* GenreModalView.swift */ = {isa = PBXFileReference; lastKnownFileType = sourcecode.swift; path = GenreModalView.swift; sourceTree = "<group>"; };
/* End PBXFileReference section */

/* Begin PBXFrameworksBuildPhase section */
		33388D692C6F2C0A00DECDC3 /* Frameworks */ = {
			isa = PBXFrameworksBuildPhase;
			buildActionMask = 2147483647;
			files = (
			);
			runOnlyForDeploymentPostprocessing = 0;
		};
/* End PBXFrameworksBuildPhase section */

/* Begin PBXGroup section */
		33388D632C6F2C0A00DECDC3 = {
			isa = PBXGroup;
			children = (
				33388D6E2C6F2C0A00DECDC3 /* MaDang */,
				33388D6D2C6F2C0A00DECDC3 /* Products */,
			);
			sourceTree = "<group>";
		};
		33388D6D2C6F2C0A00DECDC3 /* Products */ = {
			isa = PBXGroup;
			children = (
				33388D6C2C6F2C0A00DECDC3 /* MaDang.app */,
			);
			name = Products;
			sourceTree = "<group>";
		};
		33388D6E2C6F2C0A00DECDC3 /* MaDang */ = {
			isa = PBXGroup;
			children = (
				33388D7D2C6F34BA00DECDC3 /* App */,
				33388D932C6F866800DECDC3 /* Model */,
				33388D812C6F352700DECDC3 /* Helper */,
				33388D802C6F352000DECDC3 /* Manager */,
				33388D7F2C6F351400DECDC3 /* Resources */,
				33388D7E2C6F34E200DECDC3 /* View */,
				33388D752C6F2C0C00DECDC3 /* Preview Content */,
			);
			path = MaDang;
			sourceTree = "<group>";
		};
		33388D752C6F2C0C00DECDC3 /* Preview Content */ = {
			isa = PBXGroup;
			children = (
				33388D762C6F2C0C00DECDC3 /* Preview Assets.xcassets */,
			);
			path = "Preview Content";
			sourceTree = "<group>";
		};
		33388D7D2C6F34BA00DECDC3 /* App */ = {
			isa = PBXGroup;
			children = (
				33388D6F2C6F2C0A00DECDC3 /* MaDangApp.swift */,
			);
			path = App;
			sourceTree = "<group>";
		};
		33388D7E2C6F34E200DECDC3 /* View */ = {
			isa = PBXGroup;
			children = (
				33388D712C6F2C0A00DECDC3 /* ContentView.swift */,
				33388DBB2C7085A700DECDC3 /* MainView */,
				33388D822C6F362B00DECDC3 /* DetailView */,
			);
			path = View;
			sourceTree = "<group>";
		};
		33388D7F2C6F351400DECDC3 /* Resources */ = {
			isa = PBXGroup;
			children = (
				33388D732C6F2C0C00DECDC3 /* Assets.xcassets */,
			);
			path = Resources;
			sourceTree = "<group>";
		};
		33388D802C6F352000DECDC3 /* Manager */ = {
			isa = PBXGroup;
			children = (
			);
			path = Manager;
			sourceTree = "<group>";
		};
		33388D812C6F352700DECDC3 /* Helper */ = {
			isa = PBXGroup;
			children = (
				33388D902C6F635300DECDC3 /* Color+.swift */,
			);
			path = Helper;
			sourceTree = "<group>";
		};
		33388D822C6F362B00DECDC3 /* DetailView */ = {
			isa = PBXGroup;
			children = (
				33388D832C6F363800DECDC3 /* DetailView.swift */,
				33388D862C6F365300DECDC3 /* DetailInfoView.swift */,
				33388D882C6F365E00DECDC3 /* DetailImageView.swift */,
				33388D8A2C6F367300DECDC3 /* DetailReviewView.swift */,
				33388D8E2C6F369300DECDC3 /* DetailCastingView.swift */,
				33388D8C2C6F368300DECDC3 /* DetailTouristInfoView.swift */,
			);
			path = DetailView;
			sourceTree = "<group>";
		};
		33388D932C6F866800DECDC3 /* Model */ = {
			isa = PBXGroup;
			children = (
				33388DA12C6F920200DECDC3 /* Structs */,
				33388DA02C6F91FB00DECDC3 /* Enums */,
			);
			path = Model;
			sourceTree = "<group>";
		};
		33388DA02C6F91FB00DECDC3 /* Enums */ = {
			isa = PBXGroup;
			children = (
				33388DA22C6F921400DECDC3 /* Genre.swift */,
				33388DB32C6FCC5F00DECDC3 /* Country.swift */,
				33388DB72C6FCE0700DECDC3 /* AttractionType.swift */,
			);
			path = Enums;
			sourceTree = "<group>";
		};
		33388DA12C6F920200DECDC3 /* Structs */ = {
			isa = PBXGroup;
			children = (
				33388D9B2C6F8FB300DECDC3 /* TouristInfo.swift */,
				33388D992C6F8EC000DECDC3 /* Review.swift */,
				33388D9D2C6F906B00DECDC3 /* User.swift */,
				33388D972C6F8E2800DECDC3 /* Actor.swift */,
				33388D952C6F88F900DECDC3 /* Performance.swift */,
			);
			path = Structs;
			sourceTree = "<group>";
		};
		33388DBB2C7085A700DECDC3 /* MainView */ = {
			isa = PBXGroup;
			children = (
				33388DBC2C7085C300DECDC3 /* MainView.swift */,
				33388DBE2C70864700DECDC3 /* WhatIsNewView.swift */,
				33388DC02C70865A00DECDC3 /* PopularityRankingView.swift */,
				33388DDA2C70E0DB00DECDC3 /* RankingCell.swift */,
				33388DC22C70866600DECDC3 /* GenreView.swift */,
				33388DDC2C70FC6200DECDC3 /* GenreModalView.swift */,
				33388DC42C70867500DECDC3 /* BestReviewView.swift */,
				33388DC62C7086E600DECDC3 /* BestReviewRow.swift */,
			);
			path = MainView;
			sourceTree = "<group>";
		};
/* End PBXGroup section */

/* Begin PBXNativeTarget section */
		33388D6B2C6F2C0A00DECDC3 /* MaDang */ = {
			isa = PBXNativeTarget;
			buildConfigurationList = 33388D7A2C6F2C0C00DECDC3 /* Build configuration list for PBXNativeTarget "MaDang" */;
			buildPhases = (
				33388D682C6F2C0A00DECDC3 /* Sources */,
				33388D692C6F2C0A00DECDC3 /* Frameworks */,
				33388D6A2C6F2C0A00DECDC3 /* Resources */,
			);
			buildRules = (
			);
			dependencies = (
			);
			name = MaDang;
			productName = MaDang;
			productReference = 33388D6C2C6F2C0A00DECDC3 /* MaDang.app */;
			productType = "com.apple.product-type.application";
		};
/* End PBXNativeTarget section */

/* Begin PBXProject section */
		33388D642C6F2C0A00DECDC3 /* Project object */ = {
			isa = PBXProject;
			attributes = {
				BuildIndependentTargetsInParallel = 1;
				LastSwiftUpdateCheck = 1520;
				LastUpgradeCheck = 1520;
				TargetAttributes = {
					33388D6B2C6F2C0A00DECDC3 = {
						CreatedOnToolsVersion = 15.2;
					};
				};
			};
			buildConfigurationList = 33388D672C6F2C0A00DECDC3 /* Build configuration list for PBXProject "MaDang" */;
			compatibilityVersion = "Xcode 14.0";
			developmentRegion = en;
			hasScannedForEncodings = 0;
			knownRegions = (
				en,
				Base,
			);
			mainGroup = 33388D632C6F2C0A00DECDC3;
			productRefGroup = 33388D6D2C6F2C0A00DECDC3 /* Products */;
			projectDirPath = "";
			projectRoot = "";
			targets = (
				33388D6B2C6F2C0A00DECDC3 /* MaDang */,
			);
		};
/* End PBXProject section */

/* Begin PBXResourcesBuildPhase section */
		33388D6A2C6F2C0A00DECDC3 /* Resources */ = {
			isa = PBXResourcesBuildPhase;
			buildActionMask = 2147483647;
			files = (
				33388D772C6F2C0C00DECDC3 /* Preview Assets.xcassets in Resources */,
				33388D742C6F2C0C00DECDC3 /* Assets.xcassets in Resources */,
			);
			runOnlyForDeploymentPostprocessing = 0;
		};
/* End PBXResourcesBuildPhase section */

/* Begin PBXSourcesBuildPhase section */
		33388D682C6F2C0A00DECDC3 /* Sources */ = {
			isa = PBXSourcesBuildPhase;
			buildActionMask = 2147483647;
			files = (
				33388D722C6F2C0A00DECDC3 /* ContentView.swift in Sources */,
				33388DBD2C7085C300DECDC3 /* MainView.swift in Sources */,
				33388DC52C70867500DECDC3 /* BestReviewView.swift in Sources */,
				33388D912C6F635300DECDC3 /* Color+.swift in Sources */,
				33388D8F2C6F369300DECDC3 /* DetailCastingView.swift in Sources */,
				33388DBF2C70864700DECDC3 /* WhatIsNewView.swift in Sources */,
				33388D8B2C6F367300DECDC3 /* DetailReviewView.swift in Sources */,
				33388D982C6F8E2800DECDC3 /* Actor.swift in Sources */,
				33388D9A2C6F8EC000DECDC3 /* Review.swift in Sources */,
				33388D9E2C6F906B00DECDC3 /* User.swift in Sources */,
				33388DDD2C70FC6200DECDC3 /* GenreModalView.swift in Sources */,
				33388DC32C70866600DECDC3 /* GenreView.swift in Sources */,
				33388D872C6F365300DECDC3 /* DetailInfoView.swift in Sources */,
				33388D892C6F365E00DECDC3 /* DetailImageView.swift in Sources */,
				33388DA32C6F921400DECDC3 /* Genre.swift in Sources */,
				33388DDB2C70E0DB00DECDC3 /* RankingCell.swift in Sources */,
				33388DC72C7086E600DECDC3 /* BestReviewRow.swift in Sources */,
				33388D9C2C6F8FB300DECDC3 /* TouristInfo.swift in Sources */,
				33388D962C6F88F900DECDC3 /* Performance.swift in Sources */,
				33388DB42C6FCC5F00DECDC3 /* Country.swift in Sources */,
				33388DB82C6FCE0700DECDC3 /* AttractionType.swift in Sources */,
				33388DC12C70865A00DECDC3 /* PopularityRankingView.swift in Sources */,
				33388D8D2C6F368300DECDC3 /* DetailTouristInfoView.swift in Sources */,
				33388D842C6F363800DECDC3 /* DetailView.swift in Sources */,
				33388D702C6F2C0A00DECDC3 /* MaDangApp.swift in Sources */,
			);
			runOnlyForDeploymentPostprocessing = 0;
		};
/* End PBXSourcesBuildPhase section */

/* Begin XCBuildConfiguration section */
		33388D782C6F2C0C00DECDC3 /* Debug */ = {
			isa = XCBuildConfiguration;
			buildSettings = {
				ALWAYS_SEARCH_USER_PATHS = NO;
				ASSETCATALOG_COMPILER_GENERATE_SWIFT_ASSET_SYMBOL_EXTENSIONS = YES;
				CLANG_ANALYZER_NONNULL = YES;
				CLANG_ANALYZER_NUMBER_OBJECT_CONVERSION = YES_AGGRESSIVE;
				CLANG_CXX_LANGUAGE_STANDARD = "gnu++20";
				CLANG_ENABLE_MODULES = YES;
				CLANG_ENABLE_OBJC_ARC = YES;
				CLANG_ENABLE_OBJC_WEAK = YES;
				CLANG_WARN_BLOCK_CAPTURE_AUTORELEASING = YES;
				CLANG_WARN_BOOL_CONVERSION = YES;
				CLANG_WARN_COMMA = YES;
				CLANG_WARN_CONSTANT_CONVERSION = YES;
				CLANG_WARN_DEPRECATED_OBJC_IMPLEMENTATIONS = YES;
				CLANG_WARN_DIRECT_OBJC_ISA_USAGE = YES_ERROR;
				CLANG_WARN_DOCUMENTATION_COMMENTS = YES;
				CLANG_WARN_EMPTY_BODY = YES;
				CLANG_WARN_ENUM_CONVERSION = YES;
				CLANG_WARN_INFINITE_RECURSION = YES;
				CLANG_WARN_INT_CONVERSION = YES;
				CLANG_WARN_NON_LITERAL_NULL_CONVERSION = YES;
				CLANG_WARN_OBJC_IMPLICIT_RETAIN_SELF = YES;
				CLANG_WARN_OBJC_LITERAL_CONVERSION = YES;
				CLANG_WARN_OBJC_ROOT_CLASS = YES_ERROR;
				CLANG_WARN_QUOTED_INCLUDE_IN_FRAMEWORK_HEADER = YES;
				CLANG_WARN_RANGE_LOOP_ANALYSIS = YES;
				CLANG_WARN_STRICT_PROTOTYPES = YES;
				CLANG_WARN_SUSPICIOUS_MOVE = YES;
				CLANG_WARN_UNGUARDED_AVAILABILITY = YES_AGGRESSIVE;
				CLANG_WARN_UNREACHABLE_CODE = YES;
				CLANG_WARN__DUPLICATE_METHOD_MATCH = YES;
				COPY_PHASE_STRIP = NO;
				DEBUG_INFORMATION_FORMAT = dwarf;
				ENABLE_STRICT_OBJC_MSGSEND = YES;
				ENABLE_TESTABILITY = YES;
				ENABLE_USER_SCRIPT_SANDBOXING = YES;
				GCC_C_LANGUAGE_STANDARD = gnu17;
				GCC_DYNAMIC_NO_PIC = NO;
				GCC_NO_COMMON_BLOCKS = YES;
				GCC_OPTIMIZATION_LEVEL = 0;
				GCC_PREPROCESSOR_DEFINITIONS = (
					"DEBUG=1",
					"$(inherited)",
				);
				GCC_WARN_64_TO_32_BIT_CONVERSION = YES;
				GCC_WARN_ABOUT_RETURN_TYPE = YES_ERROR;
				GCC_WARN_UNDECLARED_SELECTOR = YES;
				GCC_WARN_UNINITIALIZED_AUTOS = YES_AGGRESSIVE;
				GCC_WARN_UNUSED_FUNCTION = YES;
				GCC_WARN_UNUSED_VARIABLE = YES;
				IPHONEOS_DEPLOYMENT_TARGET = 17.2;
				LOCALIZATION_PREFERS_STRING_CATALOGS = YES;
				MTL_ENABLE_DEBUG_INFO = INCLUDE_SOURCE;
				MTL_FAST_MATH = YES;
				ONLY_ACTIVE_ARCH = YES;
				SDKROOT = iphoneos;
				SWIFT_ACTIVE_COMPILATION_CONDITIONS = "DEBUG $(inherited)";
				SWIFT_OPTIMIZATION_LEVEL = "-Onone";
			};
			name = Debug;
		};
		33388D792C6F2C0C00DECDC3 /* Release */ = {
			isa = XCBuildConfiguration;
			buildSettings = {
				ALWAYS_SEARCH_USER_PATHS = NO;
				ASSETCATALOG_COMPILER_GENERATE_SWIFT_ASSET_SYMBOL_EXTENSIONS = YES;
				CLANG_ANALYZER_NONNULL = YES;
				CLANG_ANALYZER_NUMBER_OBJECT_CONVERSION = YES_AGGRESSIVE;
				CLANG_CXX_LANGUAGE_STANDARD = "gnu++20";
				CLANG_ENABLE_MODULES = YES;
				CLANG_ENABLE_OBJC_ARC = YES;
				CLANG_ENABLE_OBJC_WEAK = YES;
				CLANG_WARN_BLOCK_CAPTURE_AUTORELEASING = YES;
				CLANG_WARN_BOOL_CONVERSION = YES;
				CLANG_WARN_COMMA = YES;
				CLANG_WARN_CONSTANT_CONVERSION = YES;
				CLANG_WARN_DEPRECATED_OBJC_IMPLEMENTATIONS = YES;
				CLANG_WARN_DIRECT_OBJC_ISA_USAGE = YES_ERROR;
				CLANG_WARN_DOCUMENTATION_COMMENTS = YES;
				CLANG_WARN_EMPTY_BODY = YES;
				CLANG_WARN_ENUM_CONVERSION = YES;
				CLANG_WARN_INFINITE_RECURSION = YES;
				CLANG_WARN_INT_CONVERSION = YES;
				CLANG_WARN_NON_LITERAL_NULL_CONVERSION = YES;
				CLANG_WARN_OBJC_IMPLICIT_RETAIN_SELF = YES;
				CLANG_WARN_OBJC_LITERAL_CONVERSION = YES;
				CLANG_WARN_OBJC_ROOT_CLASS = YES_ERROR;
				CLANG_WARN_QUOTED_INCLUDE_IN_FRAMEWORK_HEADER = YES;
				CLANG_WARN_RANGE_LOOP_ANALYSIS = YES;
				CLANG_WARN_STRICT_PROTOTYPES = YES;
				CLANG_WARN_SUSPICIOUS_MOVE = YES;
				CLANG_WARN_UNGUARDED_AVAILABILITY = YES_AGGRESSIVE;
				CLANG_WARN_UNREACHABLE_CODE = YES;
				CLANG_WARN__DUPLICATE_METHOD_MATCH = YES;
				COPY_PHASE_STRIP = NO;
				DEBUG_INFORMATION_FORMAT = "dwarf-with-dsym";
				ENABLE_NS_ASSERTIONS = NO;
				ENABLE_STRICT_OBJC_MSGSEND = YES;
				ENABLE_USER_SCRIPT_SANDBOXING = YES;
				GCC_C_LANGUAGE_STANDARD = gnu17;
				GCC_NO_COMMON_BLOCKS = YES;
				GCC_WARN_64_TO_32_BIT_CONVERSION = YES;
				GCC_WARN_ABOUT_RETURN_TYPE = YES_ERROR;
				GCC_WARN_UNDECLARED_SELECTOR = YES;
				GCC_WARN_UNINITIALIZED_AUTOS = YES_AGGRESSIVE;
				GCC_WARN_UNUSED_FUNCTION = YES;
				GCC_WARN_UNUSED_VARIABLE = YES;
				IPHONEOS_DEPLOYMENT_TARGET = 17.2;
				LOCALIZATION_PREFERS_STRING_CATALOGS = YES;
				MTL_ENABLE_DEBUG_INFO = NO;
				MTL_FAST_MATH = YES;
				SDKROOT = iphoneos;
				SWIFT_COMPILATION_MODE = wholemodule;
				VALIDATE_PRODUCT = YES;
			};
			name = Release;
		};
		33388D7B2C6F2C0C00DECDC3 /* Debug */ = {
			isa = XCBuildConfiguration;
			buildSettings = {
				ASSETCATALOG_COMPILER_APPICON_NAME = AppIcon;
				ASSETCATALOG_COMPILER_GLOBAL_ACCENT_COLOR_NAME = AccentColor;
				CODE_SIGN_STYLE = Automatic;
				CURRENT_PROJECT_VERSION = 1;
				DEVELOPMENT_ASSET_PATHS = "\"MaDang/Preview Content\"";
				ENABLE_PREVIEWS = YES;
				GENERATE_INFOPLIST_FILE = YES;
				INFOPLIST_KEY_UIApplicationSceneManifest_Generation = YES;
				INFOPLIST_KEY_UIApplicationSupportsIndirectInputEvents = YES;
				INFOPLIST_KEY_UILaunchScreen_Generation = YES;
				INFOPLIST_KEY_UISupportedInterfaceOrientations_iPad = "UIInterfaceOrientationPortrait UIInterfaceOrientationPortraitUpsideDown UIInterfaceOrientationLandscapeLeft UIInterfaceOrientationLandscapeRight";
				INFOPLIST_KEY_UISupportedInterfaceOrientations_iPhone = "UIInterfaceOrientationPortrait UIInterfaceOrientationLandscapeLeft UIInterfaceOrientationLandscapeRight";
				LD_RUNPATH_SEARCH_PATHS = (
					"$(inherited)",
					"@executable_path/Frameworks",
				);
				MARKETING_VERSION = 1.0;
				PRODUCT_BUNDLE_IDENTIFIER = com.Saejaksaejak.MaDang;
				PRODUCT_NAME = "$(TARGET_NAME)";
				SWIFT_EMIT_LOC_STRINGS = YES;
				SWIFT_VERSION = 5.0;
				TARGETED_DEVICE_FAMILY = "1,2";
			};
			name = Debug;
		};
		33388D7C2C6F2C0C00DECDC3 /* Release */ = {
			isa = XCBuildConfiguration;
			buildSettings = {
				ASSETCATALOG_COMPILER_APPICON_NAME = AppIcon;
				ASSETCATALOG_COMPILER_GLOBAL_ACCENT_COLOR_NAME = AccentColor;
				CODE_SIGN_STYLE = Automatic;
				CURRENT_PROJECT_VERSION = 1;
				DEVELOPMENT_ASSET_PATHS = "\"MaDang/Preview Content\"";
				ENABLE_PREVIEWS = YES;
				GENERATE_INFOPLIST_FILE = YES;
				INFOPLIST_KEY_UIApplicationSceneManifest_Generation = YES;
				INFOPLIST_KEY_UIApplicationSupportsIndirectInputEvents = YES;
				INFOPLIST_KEY_UILaunchScreen_Generation = YES;
				INFOPLIST_KEY_UISupportedInterfaceOrientations_iPad = "UIInterfaceOrientationPortrait UIInterfaceOrientationPortraitUpsideDown UIInterfaceOrientationLandscapeLeft UIInterfaceOrientationLandscapeRight";
				INFOPLIST_KEY_UISupportedInterfaceOrientations_iPhone = "UIInterfaceOrientationPortrait UIInterfaceOrientationLandscapeLeft UIInterfaceOrientationLandscapeRight";
				LD_RUNPATH_SEARCH_PATHS = (
					"$(inherited)",
					"@executable_path/Frameworks",
				);
				MARKETING_VERSION = 1.0;
				PRODUCT_BUNDLE_IDENTIFIER = com.Saejaksaejak.MaDang;
				PRODUCT_NAME = "$(TARGET_NAME)";
				SWIFT_EMIT_LOC_STRINGS = YES;
				SWIFT_VERSION = 5.0;
				TARGETED_DEVICE_FAMILY = "1,2";
			};
			name = Release;
		};
/* End XCBuildConfiguration section */

/* Begin XCConfigurationList section */
		33388D672C6F2C0A00DECDC3 /* Build configuration list for PBXProject "MaDang" */ = {
			isa = XCConfigurationList;
			buildConfigurations = (
				33388D782C6F2C0C00DECDC3 /* Debug */,
				33388D792C6F2C0C00DECDC3 /* Release */,
			);
			defaultConfigurationIsVisible = 0;
			defaultConfigurationName = Release;
		};
		33388D7A2C6F2C0C00DECDC3 /* Build configuration list for PBXNativeTarget "MaDang" */ = {
			isa = XCConfigurationList;
			buildConfigurations = (
				33388D7B2C6F2C0C00DECDC3 /* Debug */,
				33388D7C2C6F2C0C00DECDC3 /* Release */,
			);
			defaultConfigurationIsVisible = 0;
			defaultConfigurationName = Release;
		};
/* End XCConfigurationList section */
	};
	rootObject = 33388D642C6F2C0A00DECDC3 /* Project object */;
}
